// !$*UTF8*$!
{
	archiveVersion = 1;
	classes = {
	};
	objectVersion = 46;
	objects = {

/* Begin PBXBuildFile section */
		13A788531E65509400175C8A /* AppDelegate.swift in Sources */ = {isa = PBXBuildFile; fileRef = 13A788521E65509400175C8A /* AppDelegate.swift */; };
		13A788551E65509400175C8A /* ViewController.swift in Sources */ = {isa = PBXBuildFile; fileRef = 13A788541E65509400175C8A /* ViewController.swift */; };
		13A788581E65509400175C8A /* Main.storyboard in Resources */ = {isa = PBXBuildFile; fileRef = 13A788561E65509400175C8A /* Main.storyboard */; };
		13A7885A1E65509400175C8A /* Assets.xcassets in Resources */ = {isa = PBXBuildFile; fileRef = 13A788591E65509400175C8A /* Assets.xcassets */; };
		13A7885D1E65509400175C8A /* LaunchScreen.storyboard in Resources */ = {isa = PBXBuildFile; fileRef = 13A7885B1E65509400175C8A /* LaunchScreen.storyboard */; };
		13A788681E65509400175C8A /* BaseCentral_BasePeripheralTests.swift in Sources */ = {isa = PBXBuildFile; fileRef = 13A788671E65509400175C8A /* BaseCentral_BasePeripheralTests.swift */; };
		13A788731E65516200175C8A /* ServiceCentralManager.swift in Sources */ = {isa = PBXBuildFile; fileRef = 13A788721E65516200175C8A /* ServiceCentralManager.swift */; };
		13A788761E6552C100175C8A /* ServicePeripheralManager.swift in Sources */ = {isa = PBXBuildFile; fileRef = 13A788751E6552C100175C8A /* ServicePeripheralManager.swift */; };
/* End PBXBuildFile section */

/* Begin PBXContainerItemProxy section */
		13A788641E65509400175C8A /* PBXContainerItemProxy */ = {
			isa = PBXContainerItemProxy;
			containerPortal = 13A788471E65509400175C8A /* Project object */;
			proxyType = 1;
			remoteGlobalIDString = 13A7884E1E65509400175C8A;
			remoteInfo = "BaseCentral+BasePeripheral";
		};
/* End PBXContainerItemProxy section */

/* Begin PBXFileReference section */
		13A7884F1E65509400175C8A /* BaseCentral+BasePeripheral.app */ = {isa = PBXFileReference; explicitFileType = wrapper.application; includeInIndex = 0; path = "BaseCentral+BasePeripheral.app"; sourceTree = BUILT_PRODUCTS_DIR; };
		13A788521E65509400175C8A /* AppDelegate.swift */ = {isa = PBXFileReference; lastKnownFileType = sourcecode.swift; path = AppDelegate.swift; sourceTree = "<group>"; };
		13A788541E65509400175C8A /* ViewController.swift */ = {isa = PBXFileReference; lastKnownFileType = sourcecode.swift; path = ViewController.swift; sourceTree = "<group>"; };
		13A788571E65509400175C8A /* Base */ = {isa = PBXFileReference; lastKnownFileType = file.storyboard; name = Base; path = Base.lproj/Main.storyboard; sourceTree = "<group>"; };
		13A788591E65509400175C8A /* Assets.xcassets */ = {isa = PBXFileReference; lastKnownFileType = folder.assetcatalog; path = Assets.xcassets; sourceTree = "<group>"; };
		13A7885C1E65509400175C8A /* Base */ = {isa = PBXFileReference; lastKnownFileType = file.storyboard; name = Base; path = Base.lproj/LaunchScreen.storyboard; sourceTree = "<group>"; };
		13A7885E1E65509400175C8A /* Info.plist */ = {isa = PBXFileReference; lastKnownFileType = text.plist.xml; path = Info.plist; sourceTree = "<group>"; };
		13A788631E65509400175C8A /* BaseCentral+BasePeripheralTests.xctest */ = {isa = PBXFileReference; explicitFileType = wrapper.cfbundle; includeInIndex = 0; path = "BaseCentral+BasePeripheralTests.xctest"; sourceTree = BUILT_PRODUCTS_DIR; };
		13A788671E65509400175C8A /* BaseCentral_BasePeripheralTests.swift */ = {isa = PBXFileReference; lastKnownFileType = sourcecode.swift; path = BaseCentral_BasePeripheralTests.swift; sourceTree = "<group>"; };
		13A788691E65509400175C8A /* Info.plist */ = {isa = PBXFileReference; lastKnownFileType = text.plist.xml; path = Info.plist; sourceTree = "<group>"; };
		13A788721E65516200175C8A /* ServiceCentralManager.swift */ = {isa = PBXFileReference; fileEncoding = 4; lastKnownFileType = sourcecode.swift; path = ServiceCentralManager.swift; sourceTree = "<group>"; };
		13A788751E6552C100175C8A /* ServicePeripheralManager.swift */ = {isa = PBXFileReference; fileEncoding = 4; lastKnownFileType = sourcecode.swift; path = ServicePeripheralManager.swift; sourceTree = "<group>"; };
/* End PBXFileReference section */

/* Begin PBXFrameworksBuildPhase section */
		13A7884C1E65509400175C8A /* Frameworks */ = {
			isa = PBXFrameworksBuildPhase;
			buildActionMask = 2147483647;
			files = (
			);
			runOnlyForDeploymentPostprocessing = 0;
		};
		13A788601E65509400175C8A /* Frameworks */ = {
			isa = PBXFrameworksBuildPhase;
			buildActionMask = 2147483647;
			files = (
			);
			runOnlyForDeploymentPostprocessing = 0;
		};
/* End PBXFrameworksBuildPhase section */

/* Begin PBXGroup section */
		13A788461E65509400175C8A = {
			isa = PBXGroup;
			children = (
				13A788511E65509400175C8A /* BaseCentral+BasePeripheral */,
				13A788661E65509400175C8A /* BaseCentral+BasePeripheralTests */,
				13A788501E65509400175C8A /* Products */,
			);
			sourceTree = "<group>";
		};
		13A788501E65509400175C8A /* Products */ = {
			isa = PBXGroup;
			children = (
				13A7884F1E65509400175C8A /* BaseCentral+BasePeripheral.app */,
				13A788631E65509400175C8A /* BaseCentral+BasePeripheralTests.xctest */,
			);
			name = Products;
			sourceTree = "<group>";
		};
		13A788511E65509400175C8A /* BaseCentral+BasePeripheral */ = {
			isa = PBXGroup;
			children = (
				13A788521E65509400175C8A /* AppDelegate.swift */,
				13A788541E65509400175C8A /* ViewController.swift */,
				13A788561E65509400175C8A /* Main.storyboard */,
				13A788591E65509400175C8A /* Assets.xcassets */,
				13A7885B1E65509400175C8A /* LaunchScreen.storyboard */,
				13A7885E1E65509400175C8A /* Info.plist */,
				13A788721E65516200175C8A /* ServiceCentralManager.swift */,
				13A788751E6552C100175C8A /* ServicePeripheralManager.swift */,
			);
			path = "BaseCentral+BasePeripheral";
			sourceTree = "<group>";
		};
		13A788661E65509400175C8A /* BaseCentral+BasePeripheralTests */ = {
			isa = PBXGroup;
			children = (
				13A788671E65509400175C8A /* BaseCentral_BasePeripheralTests.swift */,
				13A788691E65509400175C8A /* Info.plist */,
			);
			path = "BaseCentral+BasePeripheralTests";
			sourceTree = "<group>";
		};
/* End PBXGroup section */

/* Begin PBXNativeTarget section */
		13A7884E1E65509400175C8A /* BaseCentral+BasePeripheral */ = {
			isa = PBXNativeTarget;
			buildConfigurationList = 13A7886C1E65509400175C8A /* Build configuration list for PBXNativeTarget "BaseCentral+BasePeripheral" */;
			buildPhases = (
				13A7884B1E65509400175C8A /* Sources */,
				13A7884C1E65509400175C8A /* Frameworks */,
				13A7884D1E65509400175C8A /* Resources */,
			);
			buildRules = (
			);
			dependencies = (
			);
			name = "BaseCentral+BasePeripheral";
			productName = "BaseCentral+BasePeripheral";
			productReference = 13A7884F1E65509400175C8A /* BaseCentral+BasePeripheral.app */;
			productType = "com.apple.product-type.application";
		};
		13A788621E65509400175C8A /* BaseCentral+BasePeripheralTests */ = {
			isa = PBXNativeTarget;
			buildConfigurationList = 13A7886F1E65509400175C8A /* Build configuration list for PBXNativeTarget "BaseCentral+BasePeripheralTests" */;
			buildPhases = (
				13A7885F1E65509400175C8A /* Sources */,
				13A788601E65509400175C8A /* Frameworks */,
				13A788611E65509400175C8A /* Resources */,
			);
			buildRules = (
			);
			dependencies = (
				13A788651E65509400175C8A /* PBXTargetDependency */,
			);
			name = "BaseCentral+BasePeripheralTests";
			productName = "BaseCentral+BasePeripheralTests";
			productReference = 13A788631E65509400175C8A /* BaseCentral+BasePeripheralTests.xctest */;
			productType = "com.apple.product-type.bundle.unit-test";
		};
/* End PBXNativeTarget section */

/* Begin PBXProject section */
		13A788471E65509400175C8A /* Project object */ = {
			isa = PBXProject;
			attributes = {
				LastSwiftUpdateCheck = 0830;
				LastUpgradeCheck = 0830;
				ORGANIZATIONNAME = "code0-sh";
				TargetAttributes = {
					13A7884E1E65509400175C8A = {
						CreatedOnToolsVersion = 8.3;
						DevelopmentTeam = BNPC67H7PT;
						ProvisioningStyle = Automatic;
						SystemCapabilities = {
							com.apple.BackgroundModes = {
								enabled = 1;
							};
						};
					};
					13A788621E65509400175C8A = {
						CreatedOnToolsVersion = 8.3;
						DevelopmentTeam = BNPC67H7PT;
						ProvisioningStyle = Automatic;
						TestTargetID = 13A7884E1E65509400175C8A;
					};
				};
			};
			buildConfigurationList = 13A7884A1E65509400175C8A /* Build configuration list for PBXProject "BaseCentral+BasePeripheral" */;
			compatibilityVersion = "Xcode 3.2";
			developmentRegion = English;
			hasScannedForEncodings = 0;
			knownRegions = (
				en,
				Base,
			);
			mainGroup = 13A788461E65509400175C8A;
			productRefGroup = 13A788501E65509400175C8A /* Products */;
			projectDirPath = "";
			projectRoot = "";
			targets = (
				13A7884E1E65509400175C8A /* BaseCentral+BasePeripheral */,
				13A788621E65509400175C8A /* BaseCentral+BasePeripheralTests */,
			);
		};
/* End PBXProject section */

/* Begin PBXResourcesBuildPhase section */
		13A7884D1E65509400175C8A /* Resources */ = {
			isa = PBXResourcesBuildPhase;
			buildActionMask = 2147483647;
			files = (
				13A7885D1E65509400175C8A /* LaunchScreen.storyboard in Resources */,
				13A7885A1E65509400175C8A /* Assets.xcassets in Resources */,
				13A788581E65509400175C8A /* Main.storyboard in Resources */,
			);
			runOnlyForDeploymentPostprocessing = 0;
		};
		13A788611E65509400175C8A /* Resources */ = {
			isa = PBXResourcesBuildPhase;
			buildActionMask = 2147483647;
			files = (
			);
			runOnlyForDeploymentPostprocessing = 0;
		};
/* End PBXResourcesBuildPhase section */

/* Begin PBXSourcesBuildPhase section */
		13A7884B1E65509400175C8A /* Sources */ = {
			isa = PBXSourcesBuildPhase;
			buildActionMask = 2147483647;
			files = (
				13A788551E65509400175C8A /* ViewController.swift in Sources */,
				13A788761E6552C100175C8A /* ServicePeripheralManager.swift in Sources */,
				13A788731E65516200175C8A /* ServiceCentralManager.swift in Sources */,
				13A788531E65509400175C8A /* AppDelegate.swift in Sources */,
			);
			runOnlyForDeploymentPostprocessing = 0;
		};
		13A7885F1E65509400175C8A /* Sources */ = {
			isa = PBXSourcesBuildPhase;
			buildActionMask = 2147483647;
			files = (
				13A788681E65509400175C8A /* BaseCentral_BasePeripheralTests.swift in Sources */,
			);
			runOnlyForDeploymentPostprocessing = 0;
		};
/* End PBXSourcesBuildPhase section */

/* Begin PBXTargetDependency section */
		13A788651E65509400175C8A /* PBXTargetDependency */ = {
			isa = PBXTargetDependency;
			target = 13A7884E1E65509400175C8A /* BaseCentral+BasePeripheral */;
			targetProxy = 13A788641E65509400175C8A /* PBXContainerItemProxy */;
		};
/* End PBXTargetDependency section */

/* Begin PBXVariantGroup section */
		13A788561E65509400175C8A /* Main.storyboard */ = {
			isa = PBXVariantGroup;
			children = (
				13A788571E65509400175C8A /* Base */,
			);
			name = Main.storyboard;
			sourceTree = "<group>";
		};
		13A7885B1E65509400175C8A /* LaunchScreen.storyboard */ = {
			isa = PBXVariantGroup;
			children = (
				13A7885C1E65509400175C8A /* Base */,
			);
			name = LaunchScreen.storyboard;
			sourceTree = "<group>";
		};
/* End PBXVariantGroup section */

/* Begin XCBuildConfiguration section */
		13A7886A1E65509400175C8A /* Debug */ = {
			isa = XCBuildConfiguration;
			buildSettings = {
				ALWAYS_SEARCH_USER_PATHS = NO;
				CLANG_ANALYZER_NONNULL = YES;
				CLANG_ANALYZER_NUMBER_OBJECT_CONVERSION = YES_AGGRESSIVE;
				CLANG_CXX_LANGUAGE_STANDARD = "gnu++0x";
				CLANG_CXX_LIBRARY = "libc++";
				CLANG_ENABLE_MODULES = YES;
				CLANG_ENABLE_OBJC_ARC = YES;
				CLANG_WARN_BOOL_CONVERSION = YES;
				CLANG_WARN_CONSTANT_CONVERSION = YES;
				CLANG_WARN_DIRECT_OBJC_ISA_USAGE = YES_ERROR;
				CLANG_WARN_DOCUMENTATION_COMMENTS = YES;
				CLANG_WARN_EMPTY_BODY = YES;
				CLANG_WARN_ENUM_CONVERSION = YES;
				CLANG_WARN_INFINITE_RECURSION = YES;
				CLANG_WARN_INT_CONVERSION = YES;
				CLANG_WARN_OBJC_ROOT_CLASS = YES_ERROR;
				CLANG_WARN_SUSPICIOUS_MOVE = YES;
				CLANG_WARN_UNREACHABLE_CODE = YES;
				CLANG_WARN__DUPLICATE_METHOD_MATCH = YES;
				"CODE_SIGN_IDENTITY[sdk=iphoneos*]" = "iPhone Developer";
				COPY_PHASE_STRIP = NO;
				DEBUG_INFORMATION_FORMAT = dwarf;
				ENABLE_STRICT_OBJC_MSGSEND = YES;
				ENABLE_TESTABILITY = YES;
				GCC_C_LANGUAGE_STANDARD = gnu99;
				GCC_DYNAMIC_NO_PIC = NO;
				GCC_NO_COMMON_BLOCKS = YES;
				GCC_OPTIMIZATION_LEVEL = 0;
				GCC_PREPROCESSOR_DEFINITIONS = (
					"DEBUG=1",
					"$(inherited)",
				);
				GCC_WARN_64_TO_32_BIT_CONVERSION = YES;
				GCC_WARN_ABOUT_RETURN_TYPE = YES_ERROR;
				GCC_WARN_UNDECLARED_SELECTOR = YES;
				GCC_WARN_UNINITIALIZED_AUTOS = YES_AGGRESSIVE;
				GCC_WARN_UNUSED_FUNCTION = YES;
				GCC_WARN_UNUSED_VARIABLE = YES;
				IPHONEOS_DEPLOYMENT_TARGET = 10.3;
				MTL_ENABLE_DEBUG_INFO = YES;
				ONLY_ACTIVE_ARCH = YES;
				SDKROOT = iphoneos;
				SWIFT_ACTIVE_COMPILATION_CONDITIONS = DEBUG;
				SWIFT_OPTIMIZATION_LEVEL = "-Onone";
				TARGETED_DEVICE_FAMILY = "1,2";
			};
			name = Debug;
		};
		13A7886B1E65509400175C8A /* Release */ = {
			isa = XCBuildConfiguration;
			buildSettings = {
				ALWAYS_SEARCH_USER_PATHS = NO;
				CLANG_ANALYZER_NONNULL = YES;
				CLANG_ANALYZER_NUMBER_OBJECT_CONVERSION = YES_AGGRESSIVE;
				CLANG_CXX_LANGUAGE_STANDARD = "gnu++0x";
				CLANG_CXX_LIBRARY = "libc++";
				CLANG_ENABLE_MODULES = YES;
				CLANG_ENABLE_OBJC_ARC = YES;
				CLANG_WARN_BOOL_CONVERSION = YES;
				CLANG_WARN_CONSTANT_CONVERSION = YES;
				CLANG_WARN_DIRECT_OBJC_ISA_USAGE = YES_ERROR;
				CLANG_WARN_DOCUMENTATION_COMMENTS = YES;
				CLANG_WARN_EMPTY_BODY = YES;
				CLANG_WARN_ENUM_CONVERSION = YES;
				CLANG_WARN_INFINITE_RECURSION = YES;
				CLANG_WARN_INT_CONVERSION = YES;
				CLANG_WARN_OBJC_ROOT_CLASS = YES_ERROR;
				CLANG_WARN_SUSPICIOUS_MOVE = YES;
				CLANG_WARN_UNREACHABLE_CODE = YES;
				CLANG_WARN__DUPLICATE_METHOD_MATCH = YES;
				"CODE_SIGN_IDENTITY[sdk=iphoneos*]" = "iPhone Developer";
				COPY_PHASE_STRIP = NO;
				DEBUG_INFORMATION_FORMAT = "dwarf-with-dsym";
				ENABLE_NS_ASSERTIONS = NO;
				ENABLE_STRICT_OBJC_MSGSEND = YES;
				GCC_C_LANGUAGE_STANDARD = gnu99;
				GCC_NO_COMMON_BLOCKS = YES;
				GCC_WARN_64_TO_32_BIT_CONVERSION = YES;
				GCC_WARN_ABOUT_RETURN_TYPE = YES_ERROR;
				GCC_WARN_UNDECLARED_SELECTOR = YES;
				GCC_WARN_UNINITIALIZED_AUTOS = YES_AGGRESSIVE;
				GCC_WARN_UNUSED_FUNCTION = YES;
				GCC_WARN_UNUSED_VARIABLE = YES;
				IPHONEOS_DEPLOYMENT_TARGET = 10.3;
				MTL_ENABLE_DEBUG_INFO = NO;
				SDKROOT = iphoneos;
				SWIFT_OPTIMIZATION_LEVEL = "-Owholemodule";
				TARGETED_DEVICE_FAMILY = "1,2";
				VALIDATE_PRODUCT = YES;
			};
			name = Release;
		};
		13A7886D1E65509400175C8A /* Debug */ = {
			isa = XCBuildConfiguration;
			buildSettings = {
				ASSETCATALOG_COMPILER_APPICON_NAME = AppIcon;
				DEVELOPMENT_TEAM = BNPC67H7PT;
				INFOPLIST_FILE = "BaseCentral+BasePeripheral/Info.plist";
				IPHONEOS_DEPLOYMENT_TARGET = 10.3;
				LD_RUNPATH_SEARCH_PATHS = "$(inherited) @executable_path/Frameworks";
				PRODUCT_BUNDLE_IDENTIFIER = "jp.co.code0-sh.BaseCentral-BasePeripheral";
				PRODUCT_NAME = "$(TARGET_NAME)";
				SWIFT_VERSION = 3.0;
			};
			name = Debug;
		};
		13A7886E1E65509400175C8A /* Release */ = {
			isa = XCBuildConfiguration;
			buildSettings = {
				ASSETCATALOG_COMPILER_APPICON_NAME = AppIcon;
				DEVELOPMENT_TEAM = BNPC67H7PT;
				INFOPLIST_FILE = "BaseCentral+BasePeripheral/Info.plist";
				IPHONEOS_DEPLOYMENT_TARGET = 10.3;
				LD_RUNPATH_SEARCH_PATHS = "$(inherited) @executable_path/Frameworks";
				PRODUCT_BUNDLE_IDENTIFIER = "jp.co.code0-sh.BaseCentral-BasePeripheral";
				PRODUCT_NAME = "$(TARGET_NAME)";
				SWIFT_VERSION = 3.0;
			};
			name = Release;
		};
		13A788701E65509400175C8A /* Debug */ = {
			isa = XCBuildConfiguration;
			buildSettings = {
				ALWAYS_EMBED_SWIFT_STANDARD_LIBRARIES = YES;
				BUNDLE_LOADER = "$(TEST_HOST)";
				DEVELOPMENT_TEAM = BNPC67H7PT;
				INFOPLIST_FILE = "BaseCentral+BasePeripheralTests/Info.plist";
				LD_RUNPATH_SEARCH_PATHS = "$(inherited) @executable_path/Frameworks @loader_path/Frameworks";
				PRODUCT_BUNDLE_IDENTIFIER = "jp.co.code0-sh.BaseCentral-BasePeripheralTests";
				PRODUCT_NAME = "$(TARGET_NAME)";
				SWIFT_VERSION = 3.0;
				TEST_HOST = "$(BUILT_PRODUCTS_DIR)/BaseCentral+BasePeripheral.app/BaseCentral+BasePeripheral";
			};
			name = Debug;
		};
		13A788711E65509400175C8A /* Release */ = {
			isa = XCBuildConfiguration;
			buildSettings = {
				ALWAYS_EMBED_SWIFT_STANDARD_LIBRARIES = YES;
				BUNDLE_LOADER = "$(TEST_HOST)";
				DEVELOPMENT_TEAM = BNPC67H7PT;
				INFOPLIST_FILE = "BaseCentral+BasePeripheralTests/Info.plist";
				LD_RUNPATH_SEARCH_PATHS = "$(inherited) @executable_path/Frameworks @loader_path/Frameworks";
				PRODUCT_BUNDLE_IDENTIFIER = "jp.co.code0-sh.BaseCentral-BasePeripheralTests";
				PRODUCT_NAME = "$(TARGET_NAME)";
				SWIFT_VERSION = 3.0;
				TEST_HOST = "$(BUILT_PRODUCTS_DIR)/BaseCentral+BasePeripheral.app/BaseCentral+BasePeripheral";
			};
			name = Release;
		};
/* End XCBuildConfiguration section */

/* Begin XCConfigurationList section */
		13A7884A1E65509400175C8A /* Build configuration list for PBXProject "BaseCentral+BasePeripheral" */ = {
			isa = XCConfigurationList;
			buildConfigurations = (
				13A7886A1E65509400175C8A /* Debug */,
				13A7886B1E65509400175C8A /* Release */,
			);
			defaultConfigurationIsVisible = 0;
			defaultConfigurationName = Release;
		};
		13A7886C1E65509400175C8A /* Build configuration list for PBXNativeTarget "BaseCentral+BasePeripheral" */ = {
			isa = XCConfigurationList;
			buildConfigurations = (
				13A7886D1E65509400175C8A /* Debug */,
				13A7886E1E65509400175C8A /* Release */,
			);
			defaultConfigurationIsVisible = 0;
		};
		13A7886F1E65509400175C8A /* Build configuration list for PBXNativeTarget "BaseCentral+BasePeripheralTests" */ = {
			isa = XCConfigurationList;
			buildConfigurations = (
				13A788701E65509400175C8A /* Debug */,
				13A788711E65509400175C8A /* Release */,
			);
			defaultConfigurationIsVisible = 0;
		};
/* End XCConfigurationList section */
	};
	rootObject = 13A788471E65509400175C8A /* Project object */;
}
