// !$*UTF8*$!
{
	archiveVersion = 1;
	classes = {
	};
	objectVersion = 46;
	objects = {

/* Begin PBXBuildFile section */
		136E00B51E5EB6C6008F6F0A /* AppDelegate.swift in Sources */ = {isa = PBXBuildFile; fileRef = 136E00B41E5EB6C6008F6F0A /* AppDelegate.swift */; };
		136E00B71E5EB6C6008F6F0A /* ViewController.swift in Sources */ = {isa = PBXBuildFile; fileRef = 136E00B61E5EB6C6008F6F0A /* ViewController.swift */; };
		136E00BA1E5EB6C6008F6F0A /* Main.storyboard in Resources */ = {isa = PBXBuildFile; fileRef = 136E00B81E5EB6C6008F6F0A /* Main.storyboard */; };
		136E00BC1E5EB6C6008F6F0A /* Assets.xcassets in Resources */ = {isa = PBXBuildFile; fileRef = 136E00BB1E5EB6C6008F6F0A /* Assets.xcassets */; };
		136E00BF1E5EB6C6008F6F0A /* LaunchScreen.storyboard in Resources */ = {isa = PBXBuildFile; fileRef = 136E00BD1E5EB6C6008F6F0A /* LaunchScreen.storyboard */; };
		136E00CA1E5EB6C6008F6F0A /* BaseCentralTests.swift in Sources */ = {isa = PBXBuildFile; fileRef = 136E00C91E5EB6C6008F6F0A /* BaseCentralTests.swift */; };
/* End PBXBuildFile section */

/* Begin PBXContainerItemProxy section */
		136E00C61E5EB6C6008F6F0A /* PBXContainerItemProxy */ = {
			isa = PBXContainerItemProxy;
			containerPortal = 136E00A91E5EB6C6008F6F0A /* Project object */;
			proxyType = 1;
			remoteGlobalIDString = 136E00B01E5EB6C6008F6F0A;
			remoteInfo = BaseCentral;
		};
/* End PBXContainerItemProxy section */

/* Begin PBXFileReference section */
		136E00B11E5EB6C6008F6F0A /* BaseCentral.app */ = {isa = PBXFileReference; explicitFileType = wrapper.application; includeInIndex = 0; path = BaseCentral.app; sourceTree = BUILT_PRODUCTS_DIR; };
		136E00B41E5EB6C6008F6F0A /* AppDelegate.swift */ = {isa = PBXFileReference; lastKnownFileType = sourcecode.swift; path = AppDelegate.swift; sourceTree = "<group>"; };
		136E00B61E5EB6C6008F6F0A /* ViewController.swift */ = {isa = PBXFileReference; lastKnownFileType = sourcecode.swift; path = ViewController.swift; sourceTree = "<group>"; };
		136E00B91E5EB6C6008F6F0A /* Base */ = {isa = PBXFileReference; lastKnownFileType = file.storyboard; name = Base; path = Base.lproj/Main.storyboard; sourceTree = "<group>"; };
		136E00BB1E5EB6C6008F6F0A /* Assets.xcassets */ = {isa = PBXFileReference; lastKnownFileType = folder.assetcatalog; path = Assets.xcassets; sourceTree = "<group>"; };
		136E00BE1E5EB6C6008F6F0A /* Base */ = {isa = PBXFileReference; lastKnownFileType = file.storyboard; name = Base; path = Base.lproj/LaunchScreen.storyboard; sourceTree = "<group>"; };
		136E00C01E5EB6C6008F6F0A /* Info.plist */ = {isa = PBXFileReference; lastKnownFileType = text.plist.xml; path = Info.plist; sourceTree = "<group>"; };
		136E00C51E5EB6C6008F6F0A /* BaseCentralTests.xctest */ = {isa = PBXFileReference; explicitFileType = wrapper.cfbundle; includeInIndex = 0; path = BaseCentralTests.xctest; sourceTree = BUILT_PRODUCTS_DIR; };
		136E00C91E5EB6C6008F6F0A /* BaseCentralTests.swift */ = {isa = PBXFileReference; lastKnownFileType = sourcecode.swift; path = BaseCentralTests.swift; sourceTree = "<group>"; };
		136E00CB1E5EB6C6008F6F0A /* Info.plist */ = {isa = PBXFileReference; lastKnownFileType = text.plist.xml; path = Info.plist; sourceTree = "<group>"; };
/* End PBXFileReference section */

/* Begin PBXFrameworksBuildPhase section */
		136E00AE1E5EB6C6008F6F0A /* Frameworks */ = {
			isa = PBXFrameworksBuildPhase;
			buildActionMask = 2147483647;
			files = (
			);
			runOnlyForDeploymentPostprocessing = 0;
		};
		136E00C21E5EB6C6008F6F0A /* Frameworks */ = {
			isa = PBXFrameworksBuildPhase;
			buildActionMask = 2147483647;
			files = (
			);
			runOnlyForDeploymentPostprocessing = 0;
		};
/* End PBXFrameworksBuildPhase section */

/* Begin PBXGroup section */
		136E00A81E5EB6C6008F6F0A = {
			isa = PBXGroup;
			children = (
				136E00B31E5EB6C6008F6F0A /* BaseCentral */,
				136E00C81E5EB6C6008F6F0A /* BaseCentralTests */,
				136E00B21E5EB6C6008F6F0A /* Products */,
			);
			sourceTree = "<group>";
		};
		136E00B21E5EB6C6008F6F0A /* Products */ = {
			isa = PBXGroup;
			children = (
				136E00B11E5EB6C6008F6F0A /* BaseCentral.app */,
				136E00C51E5EB6C6008F6F0A /* BaseCentralTests.xctest */,
			);
			name = Products;
			sourceTree = "<group>";
		};
		136E00B31E5EB6C6008F6F0A /* BaseCentral */ = {
			isa = PBXGroup;
			children = (
				136E00B41E5EB6C6008F6F0A /* AppDelegate.swift */,
				136E00B61E5EB6C6008F6F0A /* ViewController.swift */,
				136E00B81E5EB6C6008F6F0A /* Main.storyboard */,
				136E00BB1E5EB6C6008F6F0A /* Assets.xcassets */,
				136E00BD1E5EB6C6008F6F0A /* LaunchScreen.storyboard */,
				136E00C01E5EB6C6008F6F0A /* Info.plist */,
			);
			path = BaseCentral;
			sourceTree = "<group>";
		};
		136E00C81E5EB6C6008F6F0A /* BaseCentralTests */ = {
			isa = PBXGroup;
			children = (
				136E00C91E5EB6C6008F6F0A /* BaseCentralTests.swift */,
				136E00CB1E5EB6C6008F6F0A /* Info.plist */,
			);
			path = BaseCentralTests;
			sourceTree = "<group>";
		};
/* End PBXGroup section */

/* Begin PBXNativeTarget section */
		136E00B01E5EB6C6008F6F0A /* BaseCentral */ = {
			isa = PBXNativeTarget;
			buildConfigurationList = 136E00CE1E5EB6C6008F6F0A /* Build configuration list for PBXNativeTarget "BaseCentral" */;
			buildPhases = (
				136E00AD1E5EB6C6008F6F0A /* Sources */,
				136E00AE1E5EB6C6008F6F0A /* Frameworks */,
				136E00AF1E5EB6C6008F6F0A /* Resources */,
			);
			buildRules = (
			);
			dependencies = (
			);
			name = BaseCentral;
			productName = BaseCentral;
			productReference = 136E00B11E5EB6C6008F6F0A /* BaseCentral.app */;
			productType = "com.apple.product-type.application";
		};
		136E00C41E5EB6C6008F6F0A /* BaseCentralTests */ = {
			isa = PBXNativeTarget;
			buildConfigurationList = 136E00D11E5EB6C6008F6F0A /* Build configuration list for PBXNativeTarget "BaseCentralTests" */;
			buildPhases = (
				136E00C11E5EB6C6008F6F0A /* Sources */,
				136E00C21E5EB6C6008F6F0A /* Frameworks */,
				136E00C31E5EB6C6008F6F0A /* Resources */,
			);
			buildRules = (
			);
			dependencies = (
				136E00C71E5EB6C6008F6F0A /* PBXTargetDependency */,
			);
			name = BaseCentralTests;
			productName = BaseCentralTests;
			productReference = 136E00C51E5EB6C6008F6F0A /* BaseCentralTests.xctest */;
			productType = "com.apple.product-type.bundle.unit-test";
		};
/* End PBXNativeTarget section */

/* Begin PBXProject section */
		136E00A91E5EB6C6008F6F0A /* Project object */ = {
			isa = PBXProject;
			attributes = {
				LastSwiftUpdateCheck = 0830;
				LastUpgradeCheck = 0830;
				ORGANIZATIONNAME = "code0-sh";
				TargetAttributes = {
					136E00B01E5EB6C6008F6F0A = {
						CreatedOnToolsVersion = 8.3;
						DevelopmentTeam = BNPC67H7PT;
						ProvisioningStyle = Automatic;
						SystemCapabilities = {
							com.apple.BackgroundModes = {
								enabled = 1;
							};
						};
					};
					136E00C41E5EB6C6008F6F0A = {
						CreatedOnToolsVersion = 8.3;
						DevelopmentTeam = BNPC67H7PT;
						ProvisioningStyle = Automatic;
						TestTargetID = 136E00B01E5EB6C6008F6F0A;
					};
				};
			};
			buildConfigurationList = 136E00AC1E5EB6C6008F6F0A /* Build configuration list for PBXProject "BaseCentral" */;
			compatibilityVersion = "Xcode 3.2";
			developmentRegion = English;
			hasScannedForEncodings = 0;
			knownRegions = (
				en,
				Base,
			);
			mainGroup = 136E00A81E5EB6C6008F6F0A;
			productRefGroup = 136E00B21E5EB6C6008F6F0A /* Products */;
			projectDirPath = "";
			projectRoot = "";
			targets = (
				136E00B01E5EB6C6008F6F0A /* BaseCentral */,
				136E00C41E5EB6C6008F6F0A /* BaseCentralTests */,
			);
		};
/* End PBXProject section */

/* Begin PBXResourcesBuildPhase section */
		136E00AF1E5EB6C6008F6F0A /* Resources */ = {
			isa = PBXResourcesBuildPhase;
			buildActionMask = 2147483647;
			files = (
				136E00BF1E5EB6C6008F6F0A /* LaunchScreen.storyboard in Resources */,
				136E00BC1E5EB6C6008F6F0A /* Assets.xcassets in Resources */,
				136E00BA1E5EB6C6008F6F0A /* Main.storyboard in Resources */,
			);
			runOnlyForDeploymentPostprocessing = 0;
		};
		136E00C31E5EB6C6008F6F0A /* Resources */ = {
			isa = PBXResourcesBuildPhase;
			buildActionMask = 2147483647;
			files = (
			);
			runOnlyForDeploymentPostprocessing = 0;
		};
/* End PBXResourcesBuildPhase section */

/* Begin PBXSourcesBuildPhase section */
		136E00AD1E5EB6C6008F6F0A /* Sources */ = {
			isa = PBXSourcesBuildPhase;
			buildActionMask = 2147483647;
			files = (
				136E00B71E5EB6C6008F6F0A /* ViewController.swift in Sources */,
				136E00B51E5EB6C6008F6F0A /* AppDelegate.swift in Sources */,
			);
			runOnlyForDeploymentPostprocessing = 0;
		};
		136E00C11E5EB6C6008F6F0A /* Sources */ = {
			isa = PBXSourcesBuildPhase;
			buildActionMask = 2147483647;
			files = (
				136E00CA1E5EB6C6008F6F0A /* BaseCentralTests.swift in Sources */,
			);
			runOnlyForDeploymentPostprocessing = 0;
		};
/* End PBXSourcesBuildPhase section */

/* Begin PBXTargetDependency section */
		136E00C71E5EB6C6008F6F0A /* PBXTargetDependency */ = {
			isa = PBXTargetDependency;
			target = 136E00B01E5EB6C6008F6F0A /* BaseCentral */;
			targetProxy = 136E00C61E5EB6C6008F6F0A /* PBXContainerItemProxy */;
		};
/* End PBXTargetDependency section */

/* Begin PBXVariantGroup section */
		136E00B81E5EB6C6008F6F0A /* Main.storyboard */ = {
			isa = PBXVariantGroup;
			children = (
				136E00B91E5EB6C6008F6F0A /* Base */,
			);
			name = Main.storyboard;
			sourceTree = "<group>";
		};
		136E00BD1E5EB6C6008F6F0A /* LaunchScreen.storyboard */ = {
			isa = PBXVariantGroup;
			children = (
				136E00BE1E5EB6C6008F6F0A /* Base */,
			);
			name = LaunchScreen.storyboard;
			sourceTree = "<group>";
		};
/* End PBXVariantGroup section */

/* Begin XCBuildConfiguration section */
		136E00CC1E5EB6C6008F6F0A /* Debug */ = {
			isa = XCBuildConfiguration;
			buildSettings = {
				ALWAYS_SEARCH_USER_PATHS = NO;
				CLANG_ANALYZER_NONNULL = YES;
				CLANG_ANALYZER_NUMBER_OBJECT_CONVERSION = YES_AGGRESSIVE;
				CLANG_CXX_LANGUAGE_STANDARD = "gnu++0x";
				CLANG_CXX_LIBRARY = "libc++";
				CLANG_ENABLE_MODULES = YES;
				CLANG_ENABLE_OBJC_ARC = YES;
				CLANG_WARN_BOOL_CONVERSION = YES;
				CLANG_WARN_CONSTANT_CONVERSION = YES;
				CLANG_WARN_DIRECT_OBJC_ISA_USAGE = YES_ERROR;
				CLANG_WARN_DOCUMENTATION_COMMENTS = YES;
				CLANG_WARN_EMPTY_BODY = YES;
				CLANG_WARN_ENUM_CONVERSION = YES;
				CLANG_WARN_INFINITE_RECURSION = YES;
				CLANG_WARN_INT_CONVERSION = YES;
				CLANG_WARN_OBJC_ROOT_CLASS = YES_ERROR;
				CLANG_WARN_SUSPICIOUS_MOVE = YES;
				CLANG_WARN_UNREACHABLE_CODE = YES;
				CLANG_WARN__DUPLICATE_METHOD_MATCH = YES;
				"CODE_SIGN_IDENTITY[sdk=iphoneos*]" = "iPhone Developer";
				COPY_PHASE_STRIP = NO;
				DEBUG_INFORMATION_FORMAT = dwarf;
				ENABLE_STRICT_OBJC_MSGSEND = YES;
				ENABLE_TESTABILITY = YES;
				GCC_C_LANGUAGE_STANDARD = gnu99;
				GCC_DYNAMIC_NO_PIC = NO;
				GCC_NO_COMMON_BLOCKS = YES;
				GCC_OPTIMIZATION_LEVEL = 0;
				GCC_PREPROCESSOR_DEFINITIONS = (
					"DEBUG=1",
					"$(inherited)",
				);
				GCC_WARN_64_TO_32_BIT_CONVERSION = YES;
				GCC_WARN_ABOUT_RETURN_TYPE = YES_ERROR;
				GCC_WARN_UNDECLARED_SELECTOR = YES;
				GCC_WARN_UNINITIALIZED_AUTOS = YES_AGGRESSIVE;
				GCC_WARN_UNUSED_FUNCTION = YES;
				GCC_WARN_UNUSED_VARIABLE = YES;
				IPHONEOS_DEPLOYMENT_TARGET = 10.3;
				MTL_ENABLE_DEBUG_INFO = YES;
				ONLY_ACTIVE_ARCH = YES;
				SDKROOT = iphoneos;
				SWIFT_ACTIVE_COMPILATION_CONDITIONS = DEBUG;
				SWIFT_OPTIMIZATION_LEVEL = "-Onone";
				TARGETED_DEVICE_FAMILY = "1,2";
			};
			name = Debug;
		};
		136E00CD1E5EB6C6008F6F0A /* Release */ = {
			isa = XCBuildConfiguration;
			buildSettings = {
				ALWAYS_SEARCH_USER_PATHS = NO;
				CLANG_ANALYZER_NONNULL = YES;
				CLANG_ANALYZER_NUMBER_OBJECT_CONVERSION = YES_AGGRESSIVE;
				CLANG_CXX_LANGUAGE_STANDARD = "gnu++0x";
				CLANG_CXX_LIBRARY = "libc++";
				CLANG_ENABLE_MODULES = YES;
				CLANG_ENABLE_OBJC_ARC = YES;
				CLANG_WARN_BOOL_CONVERSION = YES;
				CLANG_WARN_CONSTANT_CONVERSION = YES;
				CLANG_WARN_DIRECT_OBJC_ISA_USAGE = YES_ERROR;
				CLANG_WARN_DOCUMENTATION_COMMENTS = YES;
				CLANG_WARN_EMPTY_BODY = YES;
				CLANG_WARN_ENUM_CONVERSION = YES;
				CLANG_WARN_INFINITE_RECURSION = YES;
				CLANG_WARN_INT_CONVERSION = YES;
				CLANG_WARN_OBJC_ROOT_CLASS = YES_ERROR;
				CLANG_WARN_SUSPICIOUS_MOVE = YES;
				CLANG_WARN_UNREACHABLE_CODE = YES;
				CLANG_WARN__DUPLICATE_METHOD_MATCH = YES;
				"CODE_SIGN_IDENTITY[sdk=iphoneos*]" = "iPhone Developer";
				COPY_PHASE_STRIP = NO;
				DEBUG_INFORMATION_FORMAT = "dwarf-with-dsym";
				ENABLE_NS_ASSERTIONS = NO;
				ENABLE_STRICT_OBJC_MSGSEND = YES;
				GCC_C_LANGUAGE_STANDARD = gnu99;
				GCC_NO_COMMON_BLOCKS = YES;
				GCC_WARN_64_TO_32_BIT_CONVERSION = YES;
				GCC_WARN_ABOUT_RETURN_TYPE = YES_ERROR;
				GCC_WARN_UNDECLARED_SELECTOR = YES;
				GCC_WARN_UNINITIALIZED_AUTOS = YES_AGGRESSIVE;
				GCC_WARN_UNUSED_FUNCTION = YES;
				GCC_WARN_UNUSED_VARIABLE = YES;
				IPHONEOS_DEPLOYMENT_TARGET = 10.3;
				MTL_ENABLE_DEBUG_INFO = NO;
				SDKROOT = iphoneos;
				SWIFT_OPTIMIZATION_LEVEL = "-Owholemodule";
				TARGETED_DEVICE_FAMILY = "1,2";
				VALIDATE_PRODUCT = YES;
			};
			name = Release;
		};
		136E00CF1E5EB6C6008F6F0A /* Debug */ = {
			isa = XCBuildConfiguration;
			buildSettings = {
				ASSETCATALOG_COMPILER_APPICON_NAME = AppIcon;
				DEVELOPMENT_TEAM = BNPC67H7PT;
				INFOPLIST_FILE = BaseCentral/Info.plist;
				IPHONEOS_DEPLOYMENT_TARGET = 10.3;
				LD_RUNPATH_SEARCH_PATHS = "$(inherited) @executable_path/Frameworks";
				PRODUCT_BUNDLE_IDENTIFIER = "jp.co.code0-sh.BaseCentral";
				PRODUCT_NAME = "$(TARGET_NAME)";
				SWIFT_VERSION = 3.0;
			};
			name = Debug;
		};
		136E00D01E5EB6C6008F6F0A /* Release */ = {
			isa = XCBuildConfiguration;
			buildSettings = {
				ASSETCATALOG_COMPILER_APPICON_NAME = AppIcon;
				DEVELOPMENT_TEAM = BNPC67H7PT;
				INFOPLIST_FILE = BaseCentral/Info.plist;
				IPHONEOS_DEPLOYMENT_TARGET = 10.3;
				LD_RUNPATH_SEARCH_PATHS = "$(inherited) @executable_path/Frameworks";
				PRODUCT_BUNDLE_IDENTIFIER = "jp.co.code0-sh.BaseCentral";
				PRODUCT_NAME = "$(TARGET_NAME)";
				SWIFT_VERSION = 3.0;
			};
			name = Release;
		};
		136E00D21E5EB6C6008F6F0A /* Debug */ = {
			isa = XCBuildConfiguration;
			buildSettings = {
				ALWAYS_EMBED_SWIFT_STANDARD_LIBRARIES = YES;
				BUNDLE_LOADER = "$(TEST_HOST)";
				DEVELOPMENT_TEAM = BNPC67H7PT;
				INFOPLIST_FILE = BaseCentralTests/Info.plist;
				LD_RUNPATH_SEARCH_PATHS = "$(inherited) @executable_path/Frameworks @loader_path/Frameworks";
				PRODUCT_BUNDLE_IDENTIFIER = "jp.co.code0-sh.BaseCentralTests";
				PRODUCT_NAME = "$(TARGET_NAME)";
				SWIFT_VERSION = 3.0;
				TEST_HOST = "$(BUILT_PRODUCTS_DIR)/BaseCentral.app/BaseCentral";
			};
			name = Debug;
		};
		136E00D31E5EB6C6008F6F0A /* Release */ = {
			isa = XCBuildConfiguration;
			buildSettings = {
				ALWAYS_EMBED_SWIFT_STANDARD_LIBRARIES = YES;
				BUNDLE_LOADER = "$(TEST_HOST)";
				DEVELOPMENT_TEAM = BNPC67H7PT;
				INFOPLIST_FILE = BaseCentralTests/Info.plist;
				LD_RUNPATH_SEARCH_PATHS = "$(inherited) @executable_path/Frameworks @loader_path/Frameworks";
				PRODUCT_BUNDLE_IDENTIFIER = "jp.co.code0-sh.BaseCentralTests";
				PRODUCT_NAME = "$(TARGET_NAME)";
				SWIFT_VERSION = 3.0;
				TEST_HOST = "$(BUILT_PRODUCTS_DIR)/BaseCentral.app/BaseCentral";
			};
			name = Release;
		};
/* End XCBuildConfiguration section */

/* Begin XCConfigurationList section */
		136E00AC1E5EB6C6008F6F0A /* Build configuration list for PBXProject "BaseCentral" */ = {
			isa = XCConfigurationList;
			buildConfigurations = (
				136E00CC1E5EB6C6008F6F0A /* Debug */,
				136E00CD1E5EB6C6008F6F0A /* Release */,
			);
			defaultConfigurationIsVisible = 0;
			defaultConfigurationName = Release;
		};
		136E00CE1E5EB6C6008F6F0A /* Build configuration list for PBXNativeTarget "BaseCentral" */ = {
			isa = XCConfigurationList;
			buildConfigurations = (
				136E00CF1E5EB6C6008F6F0A /* Debug */,
				136E00D01E5EB6C6008F6F0A /* Release */,
			);
			defaultConfigurationIsVisible = 0;
		};
		136E00D11E5EB6C6008F6F0A /* Build configuration list for PBXNativeTarget "BaseCentralTests" */ = {
			isa = XCConfigurationList;
			buildConfigurations = (
				136E00D21E5EB6C6008F6F0A /* Debug */,
				136E00D31E5EB6C6008F6F0A /* Release */,
			);
			defaultConfigurationIsVisible = 0;
		};
/* End XCConfigurationList section */
	};
	rootObject = 136E00A91E5EB6C6008F6F0A /* Project object */;
}
