// !$*UTF8*$!
{
	archiveVersion = 1;
	classes = {
	};
	objectVersion = 46;
	objects = {

/* Begin PBXBuildFile section */
		13B6CFFA1E67EAB200D602FD /* AppDelegate.swift in Sources */ = {isa = PBXBuildFile; fileRef = 13B6CFF91E67EAB200D602FD /* AppDelegate.swift */; };
		13B6CFFC1E67EAB200D602FD /* ViewController.swift in Sources */ = {isa = PBXBuildFile; fileRef = 13B6CFFB1E67EAB200D602FD /* ViewController.swift */; };
		13B6CFFF1E67EAB200D602FD /* Main.storyboard in Resources */ = {isa = PBXBuildFile; fileRef = 13B6CFFD1E67EAB200D602FD /* Main.storyboard */; };
		13B6D0011E67EAB200D602FD /* Assets.xcassets in Resources */ = {isa = PBXBuildFile; fileRef = 13B6D0001E67EAB200D602FD /* Assets.xcassets */; };
		13B6D0041E67EAB200D602FD /* LaunchScreen.storyboard in Resources */ = {isa = PBXBuildFile; fileRef = 13B6D0021E67EAB200D602FD /* LaunchScreen.storyboard */; };
		13B6D00F1E67EAB300D602FD /* MutablePeripheralTests.swift in Sources */ = {isa = PBXBuildFile; fileRef = 13B6D00E1E67EAB300D602FD /* MutablePeripheralTests.swift */; };
		13B6D01A1E67EB0000D602FD /* ServicePeripheralManager.swift in Sources */ = {isa = PBXBuildFile; fileRef = 13B6D0191E67EB0000D602FD /* ServicePeripheralManager.swift */; };
/* End PBXBuildFile section */

/* Begin PBXContainerItemProxy section */
		13B6D00B1E67EAB300D602FD /* PBXContainerItemProxy */ = {
			isa = PBXContainerItemProxy;
			containerPortal = 13B6CFEE1E67EAB200D602FD /* Project object */;
			proxyType = 1;
			remoteGlobalIDString = 13B6CFF51E67EAB200D602FD;
			remoteInfo = MutablePeripheral;
		};
/* End PBXContainerItemProxy section */

/* Begin PBXFileReference section */
		13B6CFF61E67EAB200D602FD /* MutablePeripheral.app */ = {isa = PBXFileReference; explicitFileType = wrapper.application; includeInIndex = 0; path = MutablePeripheral.app; sourceTree = BUILT_PRODUCTS_DIR; };
		13B6CFF91E67EAB200D602FD /* AppDelegate.swift */ = {isa = PBXFileReference; lastKnownFileType = sourcecode.swift; path = AppDelegate.swift; sourceTree = "<group>"; };
		13B6CFFB1E67EAB200D602FD /* ViewController.swift */ = {isa = PBXFileReference; lastKnownFileType = sourcecode.swift; path = ViewController.swift; sourceTree = "<group>"; };
		13B6CFFE1E67EAB200D602FD /* Base */ = {isa = PBXFileReference; lastKnownFileType = file.storyboard; name = Base; path = Base.lproj/Main.storyboard; sourceTree = "<group>"; };
		13B6D0001E67EAB200D602FD /* Assets.xcassets */ = {isa = PBXFileReference; lastKnownFileType = folder.assetcatalog; path = Assets.xcassets; sourceTree = "<group>"; };
		13B6D0031E67EAB200D602FD /* Base */ = {isa = PBXFileReference; lastKnownFileType = file.storyboard; name = Base; path = Base.lproj/LaunchScreen.storyboard; sourceTree = "<group>"; };
		13B6D0051E67EAB200D602FD /* Info.plist */ = {isa = PBXFileReference; lastKnownFileType = text.plist.xml; path = Info.plist; sourceTree = "<group>"; };
		13B6D00A1E67EAB300D602FD /* MutablePeripheralTests.xctest */ = {isa = PBXFileReference; explicitFileType = wrapper.cfbundle; includeInIndex = 0; path = MutablePeripheralTests.xctest; sourceTree = BUILT_PRODUCTS_DIR; };
		13B6D00E1E67EAB300D602FD /* MutablePeripheralTests.swift */ = {isa = PBXFileReference; lastKnownFileType = sourcecode.swift; path = MutablePeripheralTests.swift; sourceTree = "<group>"; };
		13B6D0101E67EAB300D602FD /* Info.plist */ = {isa = PBXFileReference; lastKnownFileType = text.plist.xml; path = Info.plist; sourceTree = "<group>"; };
		13B6D0191E67EB0000D602FD /* ServicePeripheralManager.swift */ = {isa = PBXFileReference; fileEncoding = 4; lastKnownFileType = sourcecode.swift; path = ServicePeripheralManager.swift; sourceTree = "<group>"; };
/* End PBXFileReference section */

/* Begin PBXFrameworksBuildPhase section */
		13B6CFF31E67EAB200D602FD /* Frameworks */ = {
			isa = PBXFrameworksBuildPhase;
			buildActionMask = 2147483647;
			files = (
			);
			runOnlyForDeploymentPostprocessing = 0;
		};
		13B6D0071E67EAB300D602FD /* Frameworks */ = {
			isa = PBXFrameworksBuildPhase;
			buildActionMask = 2147483647;
			files = (
			);
			runOnlyForDeploymentPostprocessing = 0;
		};
/* End PBXFrameworksBuildPhase section */

/* Begin PBXGroup section */
		13B6CFED1E67EAB200D602FD = {
			isa = PBXGroup;
			children = (
				13B6CFF81E67EAB200D602FD /* MutablePeripheral */,
				13B6D00D1E67EAB300D602FD /* MutablePeripheralTests */,
				13B6CFF71E67EAB200D602FD /* Products */,
			);
			sourceTree = "<group>";
		};
		13B6CFF71E67EAB200D602FD /* Products */ = {
			isa = PBXGroup;
			children = (
				13B6CFF61E67EAB200D602FD /* MutablePeripheral.app */,
				13B6D00A1E67EAB300D602FD /* MutablePeripheralTests.xctest */,
			);
			name = Products;
			sourceTree = "<group>";
		};
		13B6CFF81E67EAB200D602FD /* MutablePeripheral */ = {
			isa = PBXGroup;
			children = (
				13B6CFF91E67EAB200D602FD /* AppDelegate.swift */,
				13B6CFFB1E67EAB200D602FD /* ViewController.swift */,
				13B6CFFD1E67EAB200D602FD /* Main.storyboard */,
				13B6D0001E67EAB200D602FD /* Assets.xcassets */,
				13B6D0021E67EAB200D602FD /* LaunchScreen.storyboard */,
				13B6D0051E67EAB200D602FD /* Info.plist */,
				13B6D0191E67EB0000D602FD /* ServicePeripheralManager.swift */,
			);
			path = MutablePeripheral;
			sourceTree = "<group>";
		};
		13B6D00D1E67EAB300D602FD /* MutablePeripheralTests */ = {
			isa = PBXGroup;
			children = (
				13B6D00E1E67EAB300D602FD /* MutablePeripheralTests.swift */,
				13B6D0101E67EAB300D602FD /* Info.plist */,
			);
			path = MutablePeripheralTests;
			sourceTree = "<group>";
		};
/* End PBXGroup section */

/* Begin PBXNativeTarget section */
		13B6CFF51E67EAB200D602FD /* MutablePeripheral */ = {
			isa = PBXNativeTarget;
			buildConfigurationList = 13B6D0131E67EAB300D602FD /* Build configuration list for PBXNativeTarget "MutablePeripheral" */;
			buildPhases = (
				13B6CFF21E67EAB200D602FD /* Sources */,
				13B6CFF31E67EAB200D602FD /* Frameworks */,
				13B6CFF41E67EAB200D602FD /* Resources */,
			);
			buildRules = (
			);
			dependencies = (
			);
			name = MutablePeripheral;
			productName = MutablePeripheral;
			productReference = 13B6CFF61E67EAB200D602FD /* MutablePeripheral.app */;
			productType = "com.apple.product-type.application";
		};
		13B6D0091E67EAB300D602FD /* MutablePeripheralTests */ = {
			isa = PBXNativeTarget;
			buildConfigurationList = 13B6D0161E67EAB300D602FD /* Build configuration list for PBXNativeTarget "MutablePeripheralTests" */;
			buildPhases = (
				13B6D0061E67EAB300D602FD /* Sources */,
				13B6D0071E67EAB300D602FD /* Frameworks */,
				13B6D0081E67EAB300D602FD /* Resources */,
			);
			buildRules = (
			);
			dependencies = (
				13B6D00C1E67EAB300D602FD /* PBXTargetDependency */,
			);
			name = MutablePeripheralTests;
			productName = MutablePeripheralTests;
			productReference = 13B6D00A1E67EAB300D602FD /* MutablePeripheralTests.xctest */;
			productType = "com.apple.product-type.bundle.unit-test";
		};
/* End PBXNativeTarget section */

/* Begin PBXProject section */
		13B6CFEE1E67EAB200D602FD /* Project object */ = {
			isa = PBXProject;
			attributes = {
				LastSwiftUpdateCheck = 0830;
				LastUpgradeCheck = 0830;
				ORGANIZATIONNAME = "code0-sh";
				TargetAttributes = {
					13B6CFF51E67EAB200D602FD = {
						CreatedOnToolsVersion = 8.3;
						DevelopmentTeam = BNPC67H7PT;
						ProvisioningStyle = Automatic;
						SystemCapabilities = {
							com.apple.BackgroundModes = {
								enabled = 1;
							};
						};
					};
					13B6D0091E67EAB300D602FD = {
						CreatedOnToolsVersion = 8.3;
						DevelopmentTeam = BNPC67H7PT;
						ProvisioningStyle = Automatic;
						TestTargetID = 13B6CFF51E67EAB200D602FD;
					};
				};
			};
			buildConfigurationList = 13B6CFF11E67EAB200D602FD /* Build configuration list for PBXProject "MutablePeripheral" */;
			compatibilityVersion = "Xcode 3.2";
			developmentRegion = English;
			hasScannedForEncodings = 0;
			knownRegions = (
				en,
				Base,
			);
			mainGroup = 13B6CFED1E67EAB200D602FD;
			productRefGroup = 13B6CFF71E67EAB200D602FD /* Products */;
			projectDirPath = "";
			projectRoot = "";
			targets = (
				13B6CFF51E67EAB200D602FD /* MutablePeripheral */,
				13B6D0091E67EAB300D602FD /* MutablePeripheralTests */,
			);
		};
/* End PBXProject section */

/* Begin PBXResourcesBuildPhase section */
		13B6CFF41E67EAB200D602FD /* Resources */ = {
			isa = PBXResourcesBuildPhase;
			buildActionMask = 2147483647;
			files = (
				13B6D0041E67EAB200D602FD /* LaunchScreen.storyboard in Resources */,
				13B6D0011E67EAB200D602FD /* Assets.xcassets in Resources */,
				13B6CFFF1E67EAB200D602FD /* Main.storyboard in Resources */,
			);
			runOnlyForDeploymentPostprocessing = 0;
		};
		13B6D0081E67EAB300D602FD /* Resources */ = {
			isa = PBXResourcesBuildPhase;
			buildActionMask = 2147483647;
			files = (
			);
			runOnlyForDeploymentPostprocessing = 0;
		};
/* End PBXResourcesBuildPhase section */

/* Begin PBXSourcesBuildPhase section */
		13B6CFF21E67EAB200D602FD /* Sources */ = {
			isa = PBXSourcesBuildPhase;
			buildActionMask = 2147483647;
			files = (
				13B6CFFC1E67EAB200D602FD /* ViewController.swift in Sources */,
				13B6D01A1E67EB0000D602FD /* ServicePeripheralManager.swift in Sources */,
				13B6CFFA1E67EAB200D602FD /* AppDelegate.swift in Sources */,
			);
			runOnlyForDeploymentPostprocessing = 0;
		};
		13B6D0061E67EAB300D602FD /* Sources */ = {
			isa = PBXSourcesBuildPhase;
			buildActionMask = 2147483647;
			files = (
				13B6D00F1E67EAB300D602FD /* MutablePeripheralTests.swift in Sources */,
			);
			runOnlyForDeploymentPostprocessing = 0;
		};
/* End PBXSourcesBuildPhase section */

/* Begin PBXTargetDependency section */
		13B6D00C1E67EAB300D602FD /* PBXTargetDependency */ = {
			isa = PBXTargetDependency;
			target = 13B6CFF51E67EAB200D602FD /* MutablePeripheral */;
			targetProxy = 13B6D00B1E67EAB300D602FD /* PBXContainerItemProxy */;
		};
/* End PBXTargetDependency section */

/* Begin PBXVariantGroup section */
		13B6CFFD1E67EAB200D602FD /* Main.storyboard */ = {
			isa = PBXVariantGroup;
			children = (
				13B6CFFE1E67EAB200D602FD /* Base */,
			);
			name = Main.storyboard;
			sourceTree = "<group>";
		};
		13B6D0021E67EAB200D602FD /* LaunchScreen.storyboard */ = {
			isa = PBXVariantGroup;
			children = (
				13B6D0031E67EAB200D602FD /* Base */,
			);
			name = LaunchScreen.storyboard;
			sourceTree = "<group>";
		};
/* End PBXVariantGroup section */

/* Begin XCBuildConfiguration section */
		13B6D0111E67EAB300D602FD /* Debug */ = {
			isa = XCBuildConfiguration;
			buildSettings = {
				ALWAYS_SEARCH_USER_PATHS = NO;
				CLANG_ANALYZER_NONNULL = YES;
				CLANG_ANALYZER_NUMBER_OBJECT_CONVERSION = YES_AGGRESSIVE;
				CLANG_CXX_LANGUAGE_STANDARD = "gnu++0x";
				CLANG_CXX_LIBRARY = "libc++";
				CLANG_ENABLE_MODULES = YES;
				CLANG_ENABLE_OBJC_ARC = YES;
				CLANG_WARN_BOOL_CONVERSION = YES;
				CLANG_WARN_CONSTANT_CONVERSION = YES;
				CLANG_WARN_DIRECT_OBJC_ISA_USAGE = YES_ERROR;
				CLANG_WARN_DOCUMENTATION_COMMENTS = YES;
				CLANG_WARN_EMPTY_BODY = YES;
				CLANG_WARN_ENUM_CONVERSION = YES;
				CLANG_WARN_INFINITE_RECURSION = YES;
				CLANG_WARN_INT_CONVERSION = YES;
				CLANG_WARN_OBJC_ROOT_CLASS = YES_ERROR;
				CLANG_WARN_SUSPICIOUS_MOVE = YES;
				CLANG_WARN_UNREACHABLE_CODE = YES;
				CLANG_WARN__DUPLICATE_METHOD_MATCH = YES;
				"CODE_SIGN_IDENTITY[sdk=iphoneos*]" = "iPhone Developer";
				COPY_PHASE_STRIP = NO;
				DEBUG_INFORMATION_FORMAT = dwarf;
				ENABLE_STRICT_OBJC_MSGSEND = YES;
				ENABLE_TESTABILITY = YES;
				GCC_C_LANGUAGE_STANDARD = gnu99;
				GCC_DYNAMIC_NO_PIC = NO;
				GCC_NO_COMMON_BLOCKS = YES;
				GCC_OPTIMIZATION_LEVEL = 0;
				GCC_PREPROCESSOR_DEFINITIONS = (
					"DEBUG=1",
					"$(inherited)",
				);
				GCC_WARN_64_TO_32_BIT_CONVERSION = YES;
				GCC_WARN_ABOUT_RETURN_TYPE = YES_ERROR;
				GCC_WARN_UNDECLARED_SELECTOR = YES;
				GCC_WARN_UNINITIALIZED_AUTOS = YES_AGGRESSIVE;
				GCC_WARN_UNUSED_FUNCTION = YES;
				GCC_WARN_UNUSED_VARIABLE = YES;
				IPHONEOS_DEPLOYMENT_TARGET = 9.3;
				MTL_ENABLE_DEBUG_INFO = YES;
				ONLY_ACTIVE_ARCH = YES;
				SDKROOT = iphoneos;
				SWIFT_ACTIVE_COMPILATION_CONDITIONS = DEBUG;
				SWIFT_OPTIMIZATION_LEVEL = "-Onone";
				TARGETED_DEVICE_FAMILY = "1,2";
			};
			name = Debug;
		};
		13B6D0121E67EAB300D602FD /* Release */ = {
			isa = XCBuildConfiguration;
			buildSettings = {
				ALWAYS_SEARCH_USER_PATHS = NO;
				CLANG_ANALYZER_NONNULL = YES;
				CLANG_ANALYZER_NUMBER_OBJECT_CONVERSION = YES_AGGRESSIVE;
				CLANG_CXX_LANGUAGE_STANDARD = "gnu++0x";
				CLANG_CXX_LIBRARY = "libc++";
				CLANG_ENABLE_MODULES = YES;
				CLANG_ENABLE_OBJC_ARC = YES;
				CLANG_WARN_BOOL_CONVERSION = YES;
				CLANG_WARN_CONSTANT_CONVERSION = YES;
				CLANG_WARN_DIRECT_OBJC_ISA_USAGE = YES_ERROR;
				CLANG_WARN_DOCUMENTATION_COMMENTS = YES;
				CLANG_WARN_EMPTY_BODY = YES;
				CLANG_WARN_ENUM_CONVERSION = YES;
				CLANG_WARN_INFINITE_RECURSION = YES;
				CLANG_WARN_INT_CONVERSION = YES;
				CLANG_WARN_OBJC_ROOT_CLASS = YES_ERROR;
				CLANG_WARN_SUSPICIOUS_MOVE = YES;
				CLANG_WARN_UNREACHABLE_CODE = YES;
				CLANG_WARN__DUPLICATE_METHOD_MATCH = YES;
				"CODE_SIGN_IDENTITY[sdk=iphoneos*]" = "iPhone Developer";
				COPY_PHASE_STRIP = NO;
				DEBUG_INFORMATION_FORMAT = "dwarf-with-dsym";
				ENABLE_NS_ASSERTIONS = NO;
				ENABLE_STRICT_OBJC_MSGSEND = YES;
				GCC_C_LANGUAGE_STANDARD = gnu99;
				GCC_NO_COMMON_BLOCKS = YES;
				GCC_WARN_64_TO_32_BIT_CONVERSION = YES;
				GCC_WARN_ABOUT_RETURN_TYPE = YES_ERROR;
				GCC_WARN_UNDECLARED_SELECTOR = YES;
				GCC_WARN_UNINITIALIZED_AUTOS = YES_AGGRESSIVE;
				GCC_WARN_UNUSED_FUNCTION = YES;
				GCC_WARN_UNUSED_VARIABLE = YES;
				IPHONEOS_DEPLOYMENT_TARGET = 9.3;
				MTL_ENABLE_DEBUG_INFO = NO;
				SDKROOT = iphoneos;
				SWIFT_OPTIMIZATION_LEVEL = "-Owholemodule";
				TARGETED_DEVICE_FAMILY = "1,2";
				VALIDATE_PRODUCT = YES;
			};
			name = Release;
		};
		13B6D0141E67EAB300D602FD /* Debug */ = {
			isa = XCBuildConfiguration;
			buildSettings = {
				ASSETCATALOG_COMPILER_APPICON_NAME = AppIcon;
				DEVELOPMENT_TEAM = BNPC67H7PT;
				INFOPLIST_FILE = MutablePeripheral/Info.plist;
				IPHONEOS_DEPLOYMENT_TARGET = 9.3;
				LD_RUNPATH_SEARCH_PATHS = "$(inherited) @executable_path/Frameworks";
				PRODUCT_BUNDLE_IDENTIFIER = "jp.co.code0-sh.MutablePeripheral";
				PRODUCT_NAME = "$(TARGET_NAME)";
				SWIFT_VERSION = 3.0;
			};
			name = Debug;
		};
		13B6D0151E67EAB300D602FD /* Release */ = {
			isa = XCBuildConfiguration;
			buildSettings = {
				ASSETCATALOG_COMPILER_APPICON_NAME = AppIcon;
				DEVELOPMENT_TEAM = BNPC67H7PT;
				INFOPLIST_FILE = MutablePeripheral/Info.plist;
				IPHONEOS_DEPLOYMENT_TARGET = 9.3;
				LD_RUNPATH_SEARCH_PATHS = "$(inherited) @executable_path/Frameworks";
				PRODUCT_BUNDLE_IDENTIFIER = "jp.co.code0-sh.MutablePeripheral";
				PRODUCT_NAME = "$(TARGET_NAME)";
				SWIFT_VERSION = 3.0;
			};
			name = Release;
		};
		13B6D0171E67EAB300D602FD /* Debug */ = {
			isa = XCBuildConfiguration;
			buildSettings = {
				ALWAYS_EMBED_SWIFT_STANDARD_LIBRARIES = YES;
				BUNDLE_LOADER = "$(TEST_HOST)";
				DEVELOPMENT_TEAM = BNPC67H7PT;
				INFOPLIST_FILE = MutablePeripheralTests/Info.plist;
				LD_RUNPATH_SEARCH_PATHS = "$(inherited) @executable_path/Frameworks @loader_path/Frameworks";
				PRODUCT_BUNDLE_IDENTIFIER = "jp.co.code0-sh.MutablePeripheralTests";
				PRODUCT_NAME = "$(TARGET_NAME)";
				SWIFT_VERSION = 3.0;
				TEST_HOST = "$(BUILT_PRODUCTS_DIR)/MutablePeripheral.app/MutablePeripheral";
			};
			name = Debug;
		};
		13B6D0181E67EAB300D602FD /* Release */ = {
			isa = XCBuildConfiguration;
			buildSettings = {
				ALWAYS_EMBED_SWIFT_STANDARD_LIBRARIES = YES;
				BUNDLE_LOADER = "$(TEST_HOST)";
				DEVELOPMENT_TEAM = BNPC67H7PT;
				INFOPLIST_FILE = MutablePeripheralTests/Info.plist;
				LD_RUNPATH_SEARCH_PATHS = "$(inherited) @executable_path/Frameworks @loader_path/Frameworks";
				PRODUCT_BUNDLE_IDENTIFIER = "jp.co.code0-sh.MutablePeripheralTests";
				PRODUCT_NAME = "$(TARGET_NAME)";
				SWIFT_VERSION = 3.0;
				TEST_HOST = "$(BUILT_PRODUCTS_DIR)/MutablePeripheral.app/MutablePeripheral";
			};
			name = Release;
		};
/* End XCBuildConfiguration section */

/* Begin XCConfigurationList section */
		13B6CFF11E67EAB200D602FD /* Build configuration list for PBXProject "MutablePeripheral" */ = {
			isa = XCConfigurationList;
			buildConfigurations = (
				13B6D0111E67EAB300D602FD /* Debug */,
				13B6D0121E67EAB300D602FD /* Release */,
			);
			defaultConfigurationIsVisible = 0;
			defaultConfigurationName = Release;
		};
		13B6D0131E67EAB300D602FD /* Build configuration list for PBXNativeTarget "MutablePeripheral" */ = {
			isa = XCConfigurationList;
			buildConfigurations = (
				13B6D0141E67EAB300D602FD /* Debug */,
				13B6D0151E67EAB300D602FD /* Release */,
			);
			defaultConfigurationIsVisible = 0;
			defaultConfigurationName = Release;
		};
		13B6D0161E67EAB300D602FD /* Build configuration list for PBXNativeTarget "MutablePeripheralTests" */ = {
			isa = XCConfigurationList;
			buildConfigurations = (
				13B6D0171E67EAB300D602FD /* Debug */,
				13B6D0181E67EAB300D602FD /* Release */,
			);
			defaultConfigurationIsVisible = 0;
			defaultConfigurationName = Release;
		};
/* End XCConfigurationList section */
	};
	rootObject = 13B6CFEE1E67EAB200D602FD /* Project object */;
}
