// !$*UTF8*$!
{
	archiveVersion = 1;
	classes = {
	};
	objectVersion = 46;
	objects = {

/* Begin PBXBuildFile section */
		131B73731E765FBA0033954D /* SettingViewController.swift in Sources */ = {isa = PBXBuildFile; fileRef = 131B73721E765FBA0033954D /* SettingViewController.swift */; };
		1346EADF1E6D2667001F2F7B /* CustomLabel.swift in Sources */ = {isa = PBXBuildFile; fileRef = 1346EADE1E6D2667001F2F7B /* CustomLabel.swift */; };
		1346EAE41E6D48C4001F2F7B /* ViewController+UITableViewDataSource.swift in Sources */ = {isa = PBXBuildFile; fileRef = 1346EAE31E6D48C4001F2F7B /* ViewController+UITableViewDataSource.swift */; };
		1346EAE61E6D4909001F2F7B /* ViewController+UITableViewDelegate.swift in Sources */ = {isa = PBXBuildFile; fileRef = 1346EAE51E6D4909001F2F7B /* ViewController+UITableViewDelegate.swift */; };
		135BCA481E933B9A00AC5AA5 /* UIColor.swift in Sources */ = {isa = PBXBuildFile; fileRef = 135BCA471E933B9A00AC5AA5 /* UIColor.swift */; };
		135BCA4A1E933BD600AC5AA5 /* GlobalColor.swift in Sources */ = {isa = PBXBuildFile; fileRef = 135BCA491E933BD600AC5AA5 /* GlobalColor.swift */; };
		1372D21A1E76338D00920C2A /* PeripheralManagerDelegate.swift in Sources */ = {isa = PBXBuildFile; fileRef = 1372D2191E76338D00920C2A /* PeripheralManagerDelegate.swift */; };
		1372D21C1E7633F100920C2A /* PeripheralManager.swift in Sources */ = {isa = PBXBuildFile; fileRef = 1372D21B1E7633F100920C2A /* PeripheralManager.swift */; };
		1372D21E1E76349A00920C2A /* PeripheralManager+CBPeripheralManagerDelegate.swift in Sources */ = {isa = PBXBuildFile; fileRef = 1372D21D1E76349A00920C2A /* PeripheralManager+CBPeripheralManagerDelegate.swift */; };
		1372D2201E76351800920C2A /* Characteristic.swift in Sources */ = {isa = PBXBuildFile; fileRef = 1372D21F1E76351800920C2A /* Characteristic.swift */; };
		1372D2221E763BA200920C2A /* ViewController+InputComponentDelegate.swift in Sources */ = {isa = PBXBuildFile; fileRef = 1372D2211E763BA200920C2A /* ViewController+InputComponentDelegate.swift */; };
		1378D0111E723A2600EDC071 /* User.swift in Sources */ = {isa = PBXBuildFile; fileRef = 1378D0101E723A2600EDC071 /* User.swift */; };
		1378D0131E72605400EDC071 /* NSDate.swift in Sources */ = {isa = PBXBuildFile; fileRef = 1378D0121E72605400EDC071 /* NSDate.swift */; };
		1378D0161E72629300EDC071 /* CentralManagerDelegate.swift in Sources */ = {isa = PBXBuildFile; fileRef = 1378D0151E72629300EDC071 /* CentralManagerDelegate.swift */; };
		1378D0181E72636000EDC071 /* CentralManager.swift in Sources */ = {isa = PBXBuildFile; fileRef = 1378D0171E72636000EDC071 /* CentralManager.swift */; };
		1378D01A1E72648700EDC071 /* CentralManager+CBCentralManagerDelegate+CBPeripheralDelegate.swift in Sources */ = {isa = PBXBuildFile; fileRef = 1378D0191E72648700EDC071 /* CentralManager+CBCentralManagerDelegate+CBPeripheralDelegate.swift */; };
		1378D01C1E72673200EDC071 /* ViewController+CentralManagerDelegate.swift in Sources */ = {isa = PBXBuildFile; fileRef = 1378D01B1E72673200EDC071 /* ViewController+CentralManagerDelegate.swift */; };
		137D31671E776EC000F706B3 /* ViewController+PeripheralManagerDelegate.swift in Sources */ = {isa = PBXBuildFile; fileRef = 137D31661E776EC000F706B3 /* ViewController+PeripheralManagerDelegate.swift */; };
		13A888B71E6CE1030012F47D /* AppDelegate.swift in Sources */ = {isa = PBXBuildFile; fileRef = 13A888B61E6CE1030012F47D /* AppDelegate.swift */; };
		13A888B91E6CE1030012F47D /* ViewController.swift in Sources */ = {isa = PBXBuildFile; fileRef = 13A888B81E6CE1030012F47D /* ViewController.swift */; };
		13A888BC1E6CE1040012F47D /* Main.storyboard in Resources */ = {isa = PBXBuildFile; fileRef = 13A888BA1E6CE1040012F47D /* Main.storyboard */; };
		13A888BE1E6CE1040012F47D /* Assets.xcassets in Resources */ = {isa = PBXBuildFile; fileRef = 13A888BD1E6CE1040012F47D /* Assets.xcassets */; };
		13A888C11E6CE1040012F47D /* LaunchScreen.storyboard in Resources */ = {isa = PBXBuildFile; fileRef = 13A888BF1E6CE1040012F47D /* LaunchScreen.storyboard */; };
		13A888CC1E6CE1040012F47D /* BLEChatTests.swift in Sources */ = {isa = PBXBuildFile; fileRef = 13A888CB1E6CE1040012F47D /* BLEChatTests.swift */; };
		13A888D91E6CFB4F0012F47D /* CommentBalloonView.swift in Sources */ = {isa = PBXBuildFile; fileRef = 13A888D81E6CFB4F0012F47D /* CommentBalloonView.swift */; };
		13C3AFDC1E70E157006433EB /* CommentComponent.swift in Sources */ = {isa = PBXBuildFile; fileRef = 13C3AFDB1E70E157006433EB /* CommentComponent.swift */; };
		13DC33BD1E6E490A000D0DB8 /* InputComponent.swift in Sources */ = {isa = PBXBuildFile; fileRef = 13DC33BC1E6E490A000D0DB8 /* InputComponent.swift */; };
		13DC33C01E6E4CC9000D0DB8 /* Constants.swift in Sources */ = {isa = PBXBuildFile; fileRef = 13DC33BF1E6E4CC9000D0DB8 /* Constants.swift */; };
		13DC33C31E6E67AF000D0DB8 /* InputComponentDelegate.swift in Sources */ = {isa = PBXBuildFile; fileRef = 13DC33C21E6E67AF000D0DB8 /* InputComponentDelegate.swift */; };
/* End PBXBuildFile section */

/* Begin PBXContainerItemProxy section */
		13A888C81E6CE1040012F47D /* PBXContainerItemProxy */ = {
			isa = PBXContainerItemProxy;
			containerPortal = 13A888AB1E6CE1030012F47D /* Project object */;
			proxyType = 1;
			remoteGlobalIDString = 13A888B21E6CE1030012F47D;
			remoteInfo = BLEChat;
		};
/* End PBXContainerItemProxy section */

/* Begin PBXFileReference section */
		131B73721E765FBA0033954D /* SettingViewController.swift */ = {isa = PBXFileReference; fileEncoding = 4; lastKnownFileType = sourcecode.swift; path = SettingViewController.swift; sourceTree = "<group>"; };
		1346EADE1E6D2667001F2F7B /* CustomLabel.swift */ = {isa = PBXFileReference; fileEncoding = 4; lastKnownFileType = sourcecode.swift; path = CustomLabel.swift; sourceTree = "<group>"; };
		1346EAE31E6D48C4001F2F7B /* ViewController+UITableViewDataSource.swift */ = {isa = PBXFileReference; fileEncoding = 4; lastKnownFileType = sourcecode.swift; path = "ViewController+UITableViewDataSource.swift"; sourceTree = "<group>"; };
		1346EAE51E6D4909001F2F7B /* ViewController+UITableViewDelegate.swift */ = {isa = PBXFileReference; fileEncoding = 4; lastKnownFileType = sourcecode.swift; path = "ViewController+UITableViewDelegate.swift"; sourceTree = "<group>"; };
		135BCA471E933B9A00AC5AA5 /* UIColor.swift */ = {isa = PBXFileReference; fileEncoding = 4; lastKnownFileType = sourcecode.swift; path = UIColor.swift; sourceTree = "<group>"; };
		135BCA491E933BD600AC5AA5 /* GlobalColor.swift */ = {isa = PBXFileReference; fileEncoding = 4; lastKnownFileType = sourcecode.swift; path = GlobalColor.swift; sourceTree = "<group>"; };
		1372D2191E76338D00920C2A /* PeripheralManagerDelegate.swift */ = {isa = PBXFileReference; fileEncoding = 4; lastKnownFileType = sourcecode.swift; path = PeripheralManagerDelegate.swift; sourceTree = "<group>"; };
		1372D21B1E7633F100920C2A /* PeripheralManager.swift */ = {isa = PBXFileReference; fileEncoding = 4; lastKnownFileType = sourcecode.swift; path = PeripheralManager.swift; sourceTree = "<group>"; };
		1372D21D1E76349A00920C2A /* PeripheralManager+CBPeripheralManagerDelegate.swift */ = {isa = PBXFileReference; fileEncoding = 4; lastKnownFileType = sourcecode.swift; path = "PeripheralManager+CBPeripheralManagerDelegate.swift"; sourceTree = "<group>"; };
		1372D21F1E76351800920C2A /* Characteristic.swift */ = {isa = PBXFileReference; fileEncoding = 4; lastKnownFileType = sourcecode.swift; path = Characteristic.swift; sourceTree = "<group>"; };
		1372D2211E763BA200920C2A /* ViewController+InputComponentDelegate.swift */ = {isa = PBXFileReference; fileEncoding = 4; lastKnownFileType = sourcecode.swift; path = "ViewController+InputComponentDelegate.swift"; sourceTree = "<group>"; };
		1378D0101E723A2600EDC071 /* User.swift */ = {isa = PBXFileReference; fileEncoding = 4; lastKnownFileType = sourcecode.swift; path = User.swift; sourceTree = "<group>"; };
		1378D0121E72605400EDC071 /* NSDate.swift */ = {isa = PBXFileReference; fileEncoding = 4; lastKnownFileType = sourcecode.swift; path = NSDate.swift; sourceTree = "<group>"; };
		1378D0151E72629300EDC071 /* CentralManagerDelegate.swift */ = {isa = PBXFileReference; fileEncoding = 4; lastKnownFileType = sourcecode.swift; path = CentralManagerDelegate.swift; sourceTree = "<group>"; };
		1378D0171E72636000EDC071 /* CentralManager.swift */ = {isa = PBXFileReference; fileEncoding = 4; lastKnownFileType = sourcecode.swift; path = CentralManager.swift; sourceTree = "<group>"; };
		1378D0191E72648700EDC071 /* CentralManager+CBCentralManagerDelegate+CBPeripheralDelegate.swift */ = {isa = PBXFileReference; fileEncoding = 4; lastKnownFileType = sourcecode.swift; path = "CentralManager+CBCentralManagerDelegate+CBPeripheralDelegate.swift"; sourceTree = "<group>"; };
		1378D01B1E72673200EDC071 /* ViewController+CentralManagerDelegate.swift */ = {isa = PBXFileReference; fileEncoding = 4; lastKnownFileType = sourcecode.swift; path = "ViewController+CentralManagerDelegate.swift"; sourceTree = "<group>"; };
		137D31661E776EC000F706B3 /* ViewController+PeripheralManagerDelegate.swift */ = {isa = PBXFileReference; fileEncoding = 4; lastKnownFileType = sourcecode.swift; path = "ViewController+PeripheralManagerDelegate.swift"; sourceTree = "<group>"; };
		13A888B31E6CE1030012F47D /* BLEChat.app */ = {isa = PBXFileReference; explicitFileType = wrapper.application; includeInIndex = 0; path = BLEChat.app; sourceTree = BUILT_PRODUCTS_DIR; };
		13A888B61E6CE1030012F47D /* AppDelegate.swift */ = {isa = PBXFileReference; lastKnownFileType = sourcecode.swift; path = AppDelegate.swift; sourceTree = "<group>"; };
		13A888B81E6CE1030012F47D /* ViewController.swift */ = {isa = PBXFileReference; lastKnownFileType = sourcecode.swift; path = ViewController.swift; sourceTree = "<group>"; };
		13A888BB1E6CE1040012F47D /* Base */ = {isa = PBXFileReference; lastKnownFileType = file.storyboard; name = Base; path = Base.lproj/Main.storyboard; sourceTree = "<group>"; };
		13A888BD1E6CE1040012F47D /* Assets.xcassets */ = {isa = PBXFileReference; lastKnownFileType = folder.assetcatalog; path = Assets.xcassets; sourceTree = "<group>"; };
		13A888C01E6CE1040012F47D /* Base */ = {isa = PBXFileReference; lastKnownFileType = file.storyboard; name = Base; path = Base.lproj/LaunchScreen.storyboard; sourceTree = "<group>"; };
		13A888C21E6CE1040012F47D /* Info.plist */ = {isa = PBXFileReference; lastKnownFileType = text.plist.xml; path = Info.plist; sourceTree = "<group>"; };
		13A888C71E6CE1040012F47D /* BLEChatTests.xctest */ = {isa = PBXFileReference; explicitFileType = wrapper.cfbundle; includeInIndex = 0; path = BLEChatTests.xctest; sourceTree = BUILT_PRODUCTS_DIR; };
		13A888CB1E6CE1040012F47D /* BLEChatTests.swift */ = {isa = PBXFileReference; lastKnownFileType = sourcecode.swift; path = BLEChatTests.swift; sourceTree = "<group>"; };
		13A888CD1E6CE1040012F47D /* Info.plist */ = {isa = PBXFileReference; lastKnownFileType = text.plist.xml; path = Info.plist; sourceTree = "<group>"; };
		13A888D81E6CFB4F0012F47D /* CommentBalloonView.swift */ = {isa = PBXFileReference; fileEncoding = 4; lastKnownFileType = sourcecode.swift; path = CommentBalloonView.swift; sourceTree = "<group>"; };
		13C3AFDB1E70E157006433EB /* CommentComponent.swift */ = {isa = PBXFileReference; fileEncoding = 4; lastKnownFileType = sourcecode.swift; path = CommentComponent.swift; sourceTree = "<group>"; };
		13DC33BC1E6E490A000D0DB8 /* InputComponent.swift */ = {isa = PBXFileReference; fileEncoding = 4; lastKnownFileType = sourcecode.swift; path = InputComponent.swift; sourceTree = "<group>"; };
		13DC33BF1E6E4CC9000D0DB8 /* Constants.swift */ = {isa = PBXFileReference; fileEncoding = 4; lastKnownFileType = sourcecode.swift; path = Constants.swift; sourceTree = "<group>"; };
		13DC33C21E6E67AF000D0DB8 /* InputComponentDelegate.swift */ = {isa = PBXFileReference; fileEncoding = 4; lastKnownFileType = sourcecode.swift; path = InputComponentDelegate.swift; sourceTree = "<group>"; };
/* End PBXFileReference section */

/* Begin PBXFrameworksBuildPhase section */
		13A888B01E6CE1030012F47D /* Frameworks */ = {
			isa = PBXFrameworksBuildPhase;
			buildActionMask = 2147483647;
			files = (
			);
			runOnlyForDeploymentPostprocessing = 0;
		};
		13A888C41E6CE1040012F47D /* Frameworks */ = {
			isa = PBXFrameworksBuildPhase;
			buildActionMask = 2147483647;
			files = (
			);
			runOnlyForDeploymentPostprocessing = 0;
		};
/* End PBXFrameworksBuildPhase section */

/* Begin PBXGroup section */
		131B73761E766E500033954D /* Storyboard */ = {
			isa = PBXGroup;
			children = (
				13A888BF1E6CE1040012F47D /* LaunchScreen.storyboard */,
				13A888BA1E6CE1040012F47D /* Main.storyboard */,
			);
			name = Storyboard;
			sourceTree = "<group>";
		};
		1346EAE21E6D3DCA001F2F7B /* Views */ = {
			isa = PBXGroup;
			children = (
				13A888D81E6CFB4F0012F47D /* CommentBalloonView.swift */,
				13C3AFDB1E70E157006433EB /* CommentComponent.swift */,
				1346EADE1E6D2667001F2F7B /* CustomLabel.swift */,
				13DC33BC1E6E490A000D0DB8 /* InputComponent.swift */,
			);
			path = Views;
			sourceTree = "<group>";
		};
		1346EAE71E6D4A80001F2F7B /* Extensions */ = {
			isa = PBXGroup;
			children = (
				1378D01B1E72673200EDC071 /* ViewController+CentralManagerDelegate.swift */,
				1346EAE31E6D48C4001F2F7B /* ViewController+UITableViewDataSource.swift */,
				1346EAE51E6D4909001F2F7B /* ViewController+UITableViewDelegate.swift */,
				1372D2211E763BA200920C2A /* ViewController+InputComponentDelegate.swift */,
				137D31661E776EC000F706B3 /* ViewController+PeripheralManagerDelegate.swift */,
				135BCA471E933B9A00AC5AA5 /* UIColor.swift */,
			);
			path = Extensions;
			sourceTree = "<group>";
		};
		1378D00F1E723A0700EDC071 /* Models */ = {
			isa = PBXGroup;
			children = (
				1378D0101E723A2600EDC071 /* User.swift */,
				1372D21F1E76351800920C2A /* Characteristic.swift */,
			);
			path = Models;
			sourceTree = "<group>";
		};
		1378D01D1E726DEA00EDC071 /* Utilities */ = {
			isa = PBXGroup;
			children = (
				1378D0121E72605400EDC071 /* NSDate.swift */,
			);
			path = Utilities;
			sourceTree = "<group>";
		};
		1378D01F1E726FB300EDC071 /* BLE */ = {
			isa = PBXGroup;
			children = (
				1378D0191E72648700EDC071 /* CentralManager+CBCentralManagerDelegate+CBPeripheralDelegate.swift */,
				1378D0171E72636000EDC071 /* CentralManager.swift */,
				1372D21B1E7633F100920C2A /* PeripheralManager.swift */,
				1372D21D1E76349A00920C2A /* PeripheralManager+CBPeripheralManagerDelegate.swift */,
			);
			path = BLE;
			sourceTree = "<group>";
		};
		13A888AA1E6CE1030012F47D = {
			isa = PBXGroup;
			children = (
				13A888B51E6CE1030012F47D /* BLEChat */,
				13A888CA1E6CE1040012F47D /* BLEChatTests */,
				13A888B41E6CE1030012F47D /* Products */,
			);
			sourceTree = "<group>";
		};
		13A888B41E6CE1030012F47D /* Products */ = {
			isa = PBXGroup;
			children = (
				13A888B31E6CE1030012F47D /* BLEChat.app */,
				13A888C71E6CE1040012F47D /* BLEChatTests.xctest */,
			);
			name = Products;
			sourceTree = "<group>";
		};
		13A888B51E6CE1030012F47D /* BLEChat */ = {
			isa = PBXGroup;
			children = (
				131B73761E766E500033954D /* Storyboard */,
				1378D01F1E726FB300EDC071 /* BLE */,
				13DC33BE1E6E4CAB000D0DB8 /* Constants */,
				13DC33BB1E6E4858000D0DB8 /* Controllers */,
				1346EAE71E6D4A80001F2F7B /* Extensions */,
				1378D00F1E723A0700EDC071 /* Models */,
				13DC33C11E6E677F000D0DB8 /* Protocols */,
				1378D01D1E726DEA00EDC071 /* Utilities */,
				1346EAE21E6D3DCA001F2F7B /* Views */,
				13A888B61E6CE1030012F47D /* AppDelegate.swift */,
				13A888BD1E6CE1040012F47D /* Assets.xcassets */,
				13A888C21E6CE1040012F47D /* Info.plist */,
			);
			path = BLEChat;
			sourceTree = "<group>";
		};
		13A888CA1E6CE1040012F47D /* BLEChatTests */ = {
			isa = PBXGroup;
			children = (
				13A888CB1E6CE1040012F47D /* BLEChatTests.swift */,
				13A888CD1E6CE1040012F47D /* Info.plist */,
			);
			path = BLEChatTests;
			sourceTree = "<group>";
		};
		13DC33BB1E6E4858000D0DB8 /* Controllers */ = {
			isa = PBXGroup;
			children = (
				13A888B81E6CE1030012F47D /* ViewController.swift */,
				131B73721E765FBA0033954D /* SettingViewController.swift */,
			);
			path = Controllers;
			sourceTree = "<group>";
		};
		13DC33BE1E6E4CAB000D0DB8 /* Constants */ = {
			isa = PBXGroup;
			children = (
				13DC33BF1E6E4CC9000D0DB8 /* Constants.swift */,
				135BCA491E933BD600AC5AA5 /* GlobalColor.swift */,
			);
			path = Constants;
			sourceTree = "<group>";
		};
		13DC33C11E6E677F000D0DB8 /* Protocols */ = {
			isa = PBXGroup;
			children = (
				1378D0151E72629300EDC071 /* CentralManagerDelegate.swift */,
				13DC33C21E6E67AF000D0DB8 /* InputComponentDelegate.swift */,
				1372D2191E76338D00920C2A /* PeripheralManagerDelegate.swift */,
			);
			path = Protocols;
			sourceTree = "<group>";
		};
/* End PBXGroup section */

/* Begin PBXNativeTarget section */
		13A888B21E6CE1030012F47D /* BLEChat */ = {
			isa = PBXNativeTarget;
			buildConfigurationList = 13A888D01E6CE1040012F47D /* Build configuration list for PBXNativeTarget "BLEChat" */;
			buildPhases = (
				13A888AF1E6CE1030012F47D /* Sources */,
				13A888B01E6CE1030012F47D /* Frameworks */,
				13A888B11E6CE1030012F47D /* Resources */,
				137D31681E77929D00F706B3 /* ShellScript */,
			);
			buildRules = (
			);
			dependencies = (
			);
			name = BLEChat;
			productName = BLEChat;
			productReference = 13A888B31E6CE1030012F47D /* BLEChat.app */;
			productType = "com.apple.product-type.application";
		};
		13A888C61E6CE1040012F47D /* BLEChatTests */ = {
			isa = PBXNativeTarget;
			buildConfigurationList = 13A888D31E6CE1040012F47D /* Build configuration list for PBXNativeTarget "BLEChatTests" */;
			buildPhases = (
				13A888C31E6CE1040012F47D /* Sources */,
				13A888C41E6CE1040012F47D /* Frameworks */,
				13A888C51E6CE1040012F47D /* Resources */,
			);
			buildRules = (
			);
			dependencies = (
				13A888C91E6CE1040012F47D /* PBXTargetDependency */,
			);
			name = BLEChatTests;
			productName = BLEChatTests;
			productReference = 13A888C71E6CE1040012F47D /* BLEChatTests.xctest */;
			productType = "com.apple.product-type.bundle.unit-test";
		};
/* End PBXNativeTarget section */

/* Begin PBXProject section */
		13A888AB1E6CE1030012F47D /* Project object */ = {
			isa = PBXProject;
			attributes = {
				LastSwiftUpdateCheck = 0830;
				LastUpgradeCheck = 0830;
				ORGANIZATIONNAME = "code0-sh";
				TargetAttributes = {
					13A888B21E6CE1030012F47D = {
						CreatedOnToolsVersion = 8.3;
						DevelopmentTeam = BNPC67H7PT;
						ProvisioningStyle = Automatic;
						SystemCapabilities = {
							com.apple.BackgroundModes = {
								enabled = 1;
							};
						};
					};
					13A888C61E6CE1040012F47D = {
						CreatedOnToolsVersion = 8.3;
						DevelopmentTeam = BNPC67H7PT;
						ProvisioningStyle = Automatic;
						TestTargetID = 13A888B21E6CE1030012F47D;
					};
				};
			};
			buildConfigurationList = 13A888AE1E6CE1030012F47D /* Build configuration list for PBXProject "BLEChat" */;
			compatibilityVersion = "Xcode 3.2";
			developmentRegion = English;
			hasScannedForEncodings = 0;
			knownRegions = (
				en,
				Base,
			);
			mainGroup = 13A888AA1E6CE1030012F47D;
			productRefGroup = 13A888B41E6CE1030012F47D /* Products */;
			projectDirPath = "";
			projectRoot = "";
			targets = (
				13A888B21E6CE1030012F47D /* BLEChat */,
				13A888C61E6CE1040012F47D /* BLEChatTests */,
			);
		};
/* End PBXProject section */

/* Begin PBXResourcesBuildPhase section */
		13A888B11E6CE1030012F47D /* Resources */ = {
			isa = PBXResourcesBuildPhase;
			buildActionMask = 2147483647;
			files = (
				13A888C11E6CE1040012F47D /* LaunchScreen.storyboard in Resources */,
				13A888BE1E6CE1040012F47D /* Assets.xcassets in Resources */,
				13A888BC1E6CE1040012F47D /* Main.storyboard in Resources */,
			);
			runOnlyForDeploymentPostprocessing = 0;
		};
		13A888C51E6CE1040012F47D /* Resources */ = {
			isa = PBXResourcesBuildPhase;
			buildActionMask = 2147483647;
			files = (
			);
			runOnlyForDeploymentPostprocessing = 0;
		};
/* End PBXResourcesBuildPhase section */

/* Begin PBXShellScriptBuildPhase section */
		137D31681E77929D00F706B3 /* ShellScript */ = {
			isa = PBXShellScriptBuildPhase;
			buildActionMask = 2147483647;
			files = (
			);
			inputPaths = (
			);
			outputPaths = (
			);
			runOnlyForDeploymentPostprocessing = 0;
			shellPath = /bin/sh;
			shellScript = "if which swiftlint >/dev/null; then\nswiftlint\nelse\necho \"SwiftLint does not exist, download from https://github.com/realm/SwiftLint\"\nfi";
		};
/* End PBXShellScriptBuildPhase section */

/* Begin PBXSourcesBuildPhase section */
		13A888AF1E6CE1030012F47D /* Sources */ = {
			isa = PBXSourcesBuildPhase;
			buildActionMask = 2147483647;
			files = (
				13A888D91E6CFB4F0012F47D /* CommentBalloonView.swift in Sources */,
				131B73731E765FBA0033954D /* SettingViewController.swift in Sources */,
				13DC33C31E6E67AF000D0DB8 /* InputComponentDelegate.swift in Sources */,
				135BCA4A1E933BD600AC5AA5 /* GlobalColor.swift in Sources */,
				13A888B91E6CE1030012F47D /* ViewController.swift in Sources */,
				1372D21C1E7633F100920C2A /* PeripheralManager.swift in Sources */,
				1346EADF1E6D2667001F2F7B /* CustomLabel.swift in Sources */,
				1346EAE61E6D4909001F2F7B /* ViewController+UITableViewDelegate.swift in Sources */,
				13A888B71E6CE1030012F47D /* AppDelegate.swift in Sources */,
				13DC33BD1E6E490A000D0DB8 /* InputComponent.swift in Sources */,
				1378D0181E72636000EDC071 /* CentralManager.swift in Sources */,
				1346EAE41E6D48C4001F2F7B /* ViewController+UITableViewDataSource.swift in Sources */,
				13C3AFDC1E70E157006433EB /* CommentComponent.swift in Sources */,
				13DC33C01E6E4CC9000D0DB8 /* Constants.swift in Sources */,
				135BCA481E933B9A00AC5AA5 /* UIColor.swift in Sources */,
				1372D2201E76351800920C2A /* Characteristic.swift in Sources */,
				1372D21A1E76338D00920C2A /* PeripheralManagerDelegate.swift in Sources */,
				1372D21E1E76349A00920C2A /* PeripheralManager+CBPeripheralManagerDelegate.swift in Sources */,
				137D31671E776EC000F706B3 /* ViewController+PeripheralManagerDelegate.swift in Sources */,
				1372D2221E763BA200920C2A /* ViewController+InputComponentDelegate.swift in Sources */,
				1378D0161E72629300EDC071 /* CentralManagerDelegate.swift in Sources */,
				1378D0131E72605400EDC071 /* NSDate.swift in Sources */,
				1378D0111E723A2600EDC071 /* User.swift in Sources */,
				1378D01A1E72648700EDC071 /* CentralManager+CBCentralManagerDelegate+CBPeripheralDelegate.swift in Sources */,
				1378D01C1E72673200EDC071 /* ViewController+CentralManagerDelegate.swift in Sources */,
			);
			runOnlyForDeploymentPostprocessing = 0;
		};
		13A888C31E6CE1040012F47D /* Sources */ = {
			isa = PBXSourcesBuildPhase;
			buildActionMask = 2147483647;
			files = (
				13A888CC1E6CE1040012F47D /* BLEChatTests.swift in Sources */,
			);
			runOnlyForDeploymentPostprocessing = 0;
		};
/* End PBXSourcesBuildPhase section */

/* Begin PBXTargetDependency section */
		13A888C91E6CE1040012F47D /* PBXTargetDependency */ = {
			isa = PBXTargetDependency;
			target = 13A888B21E6CE1030012F47D /* BLEChat */;
			targetProxy = 13A888C81E6CE1040012F47D /* PBXContainerItemProxy */;
		};
/* End PBXTargetDependency section */

/* Begin PBXVariantGroup section */
		13A888BA1E6CE1040012F47D /* Main.storyboard */ = {
			isa = PBXVariantGroup;
			children = (
				13A888BB1E6CE1040012F47D /* Base */,
			);
			name = Main.storyboard;
			path = .;
			sourceTree = "<group>";
		};
		13A888BF1E6CE1040012F47D /* LaunchScreen.storyboard */ = {
			isa = PBXVariantGroup;
			children = (
				13A888C01E6CE1040012F47D /* Base */,
			);
			name = LaunchScreen.storyboard;
			path = .;
			sourceTree = "<group>";
		};
/* End PBXVariantGroup section */

/* Begin XCBuildConfiguration section */
		13A888CE1E6CE1040012F47D /* Debug */ = {
			isa = XCBuildConfiguration;
			buildSettings = {
				ALWAYS_SEARCH_USER_PATHS = NO;
				CLANG_ANALYZER_NONNULL = YES;
				CLANG_ANALYZER_NUMBER_OBJECT_CONVERSION = YES_AGGRESSIVE;
				CLANG_CXX_LANGUAGE_STANDARD = "gnu++0x";
				CLANG_CXX_LIBRARY = "libc++";
				CLANG_ENABLE_MODULES = YES;
				CLANG_ENABLE_OBJC_ARC = YES;
				CLANG_WARN_BOOL_CONVERSION = YES;
				CLANG_WARN_CONSTANT_CONVERSION = YES;
				CLANG_WARN_DIRECT_OBJC_ISA_USAGE = YES_ERROR;
				CLANG_WARN_DOCUMENTATION_COMMENTS = YES;
				CLANG_WARN_EMPTY_BODY = YES;
				CLANG_WARN_ENUM_CONVERSION = YES;
				CLANG_WARN_INFINITE_RECURSION = YES;
				CLANG_WARN_INT_CONVERSION = YES;
				CLANG_WARN_OBJC_ROOT_CLASS = YES_ERROR;
				CLANG_WARN_SUSPICIOUS_MOVE = YES;
				CLANG_WARN_UNREACHABLE_CODE = YES;
				CLANG_WARN__DUPLICATE_METHOD_MATCH = YES;
				"CODE_SIGN_IDENTITY[sdk=iphoneos*]" = "iPhone Developer";
				COPY_PHASE_STRIP = NO;
				DEBUG_INFORMATION_FORMAT = dwarf;
				ENABLE_STRICT_OBJC_MSGSEND = YES;
				ENABLE_TESTABILITY = YES;
				GCC_C_LANGUAGE_STANDARD = gnu99;
				GCC_DYNAMIC_NO_PIC = NO;
				GCC_NO_COMMON_BLOCKS = YES;
				GCC_OPTIMIZATION_LEVEL = 0;
				GCC_PREPROCESSOR_DEFINITIONS = (
					"DEBUG=1",
					"$(inherited)",
				);
				GCC_WARN_64_TO_32_BIT_CONVERSION = YES;
				GCC_WARN_ABOUT_RETURN_TYPE = YES_ERROR;
				GCC_WARN_UNDECLARED_SELECTOR = YES;
				GCC_WARN_UNINITIALIZED_AUTOS = YES_AGGRESSIVE;
				GCC_WARN_UNUSED_FUNCTION = YES;
				GCC_WARN_UNUSED_VARIABLE = YES;
				IPHONEOS_DEPLOYMENT_TARGET = 9.3;
				MTL_ENABLE_DEBUG_INFO = YES;
				ONLY_ACTIVE_ARCH = YES;
				SDKROOT = iphoneos;
				SWIFT_ACTIVE_COMPILATION_CONDITIONS = DEBUG;
				SWIFT_OPTIMIZATION_LEVEL = "-Onone";
				TARGETED_DEVICE_FAMILY = "1,2";
			};
			name = Debug;
		};
		13A888CF1E6CE1040012F47D /* Release */ = {
			isa = XCBuildConfiguration;
			buildSettings = {
				ALWAYS_SEARCH_USER_PATHS = NO;
				CLANG_ANALYZER_NONNULL = YES;
				CLANG_ANALYZER_NUMBER_OBJECT_CONVERSION = YES_AGGRESSIVE;
				CLANG_CXX_LANGUAGE_STANDARD = "gnu++0x";
				CLANG_CXX_LIBRARY = "libc++";
				CLANG_ENABLE_MODULES = YES;
				CLANG_ENABLE_OBJC_ARC = YES;
				CLANG_WARN_BOOL_CONVERSION = YES;
				CLANG_WARN_CONSTANT_CONVERSION = YES;
				CLANG_WARN_DIRECT_OBJC_ISA_USAGE = YES_ERROR;
				CLANG_WARN_DOCUMENTATION_COMMENTS = YES;
				CLANG_WARN_EMPTY_BODY = YES;
				CLANG_WARN_ENUM_CONVERSION = YES;
				CLANG_WARN_INFINITE_RECURSION = YES;
				CLANG_WARN_INT_CONVERSION = YES;
				CLANG_WARN_OBJC_ROOT_CLASS = YES_ERROR;
				CLANG_WARN_SUSPICIOUS_MOVE = YES;
				CLANG_WARN_UNREACHABLE_CODE = YES;
				CLANG_WARN__DUPLICATE_METHOD_MATCH = YES;
				"CODE_SIGN_IDENTITY[sdk=iphoneos*]" = "iPhone Developer";
				COPY_PHASE_STRIP = NO;
				DEBUG_INFORMATION_FORMAT = "dwarf-with-dsym";
				ENABLE_NS_ASSERTIONS = NO;
				ENABLE_STRICT_OBJC_MSGSEND = YES;
				GCC_C_LANGUAGE_STANDARD = gnu99;
				GCC_NO_COMMON_BLOCKS = YES;
				GCC_WARN_64_TO_32_BIT_CONVERSION = YES;
				GCC_WARN_ABOUT_RETURN_TYPE = YES_ERROR;
				GCC_WARN_UNDECLARED_SELECTOR = YES;
				GCC_WARN_UNINITIALIZED_AUTOS = YES_AGGRESSIVE;
				GCC_WARN_UNUSED_FUNCTION = YES;
				GCC_WARN_UNUSED_VARIABLE = YES;
				IPHONEOS_DEPLOYMENT_TARGET = 9.3;
				MTL_ENABLE_DEBUG_INFO = NO;
				SDKROOT = iphoneos;
				SWIFT_OPTIMIZATION_LEVEL = "-Owholemodule";
				TARGETED_DEVICE_FAMILY = "1,2";
				VALIDATE_PRODUCT = YES;
			};
			name = Release;
		};
		13A888D11E6CE1040012F47D /* Debug */ = {
			isa = XCBuildConfiguration;
			buildSettings = {
				ASSETCATALOG_COMPILER_APPICON_NAME = AppIcon;
				DEVELOPMENT_TEAM = BNPC67H7PT;
				INFOPLIST_FILE = BLEChat/Info.plist;
				IPHONEOS_DEPLOYMENT_TARGET = 9.3;
				LD_RUNPATH_SEARCH_PATHS = "$(inherited) @executable_path/Frameworks";
				PRODUCT_BUNDLE_IDENTIFIER = "jp.co.code0-sh.BLEChat";
				PRODUCT_NAME = "$(TARGET_NAME)";
				SWIFT_VERSION = 3.0;
			};
			name = Debug;
		};
		13A888D21E6CE1040012F47D /* Release */ = {
			isa = XCBuildConfiguration;
			buildSettings = {
				ASSETCATALOG_COMPILER_APPICON_NAME = AppIcon;
				DEVELOPMENT_TEAM = BNPC67H7PT;
				INFOPLIST_FILE = BLEChat/Info.plist;
				IPHONEOS_DEPLOYMENT_TARGET = 9.3;
				LD_RUNPATH_SEARCH_PATHS = "$(inherited) @executable_path/Frameworks";
				PRODUCT_BUNDLE_IDENTIFIER = "jp.co.code0-sh.BLEChat";
				PRODUCT_NAME = "$(TARGET_NAME)";
				SWIFT_VERSION = 3.0;
			};
			name = Release;
		};
		13A888D41E6CE1040012F47D /* Debug */ = {
			isa = XCBuildConfiguration;
			buildSettings = {
				ALWAYS_EMBED_SWIFT_STANDARD_LIBRARIES = YES;
				BUNDLE_LOADER = "$(TEST_HOST)";
				DEVELOPMENT_TEAM = BNPC67H7PT;
				INFOPLIST_FILE = BLEChatTests/Info.plist;
				LD_RUNPATH_SEARCH_PATHS = "$(inherited) @executable_path/Frameworks @loader_path/Frameworks";
				PRODUCT_BUNDLE_IDENTIFIER = "jp.co.code0-sh.BLEChatTests";
				PRODUCT_NAME = "$(TARGET_NAME)";
				SWIFT_VERSION = 3.0;
				TEST_HOST = "$(BUILT_PRODUCTS_DIR)/BLEChat.app/BLEChat";
			};
			name = Debug;
		};
		13A888D51E6CE1040012F47D /* Release */ = {
			isa = XCBuildConfiguration;
			buildSettings = {
				ALWAYS_EMBED_SWIFT_STANDARD_LIBRARIES = YES;
				BUNDLE_LOADER = "$(TEST_HOST)";
				DEVELOPMENT_TEAM = BNPC67H7PT;
				INFOPLIST_FILE = BLEChatTests/Info.plist;
				LD_RUNPATH_SEARCH_PATHS = "$(inherited) @executable_path/Frameworks @loader_path/Frameworks";
				PRODUCT_BUNDLE_IDENTIFIER = "jp.co.code0-sh.BLEChatTests";
				PRODUCT_NAME = "$(TARGET_NAME)";
				SWIFT_VERSION = 3.0;
				TEST_HOST = "$(BUILT_PRODUCTS_DIR)/BLEChat.app/BLEChat";
			};
			name = Release;
		};
/* End XCBuildConfiguration section */

/* Begin XCConfigurationList section */
		13A888AE1E6CE1030012F47D /* Build configuration list for PBXProject "BLEChat" */ = {
			isa = XCConfigurationList;
			buildConfigurations = (
				13A888CE1E6CE1040012F47D /* Debug */,
				13A888CF1E6CE1040012F47D /* Release */,
			);
			defaultConfigurationIsVisible = 0;
			defaultConfigurationName = Release;
		};
		13A888D01E6CE1040012F47D /* Build configuration list for PBXNativeTarget "BLEChat" */ = {
			isa = XCConfigurationList;
			buildConfigurations = (
				13A888D11E6CE1040012F47D /* Debug */,
				13A888D21E6CE1040012F47D /* Release */,
			);
			defaultConfigurationIsVisible = 0;
			defaultConfigurationName = Release;
		};
		13A888D31E6CE1040012F47D /* Build configuration list for PBXNativeTarget "BLEChatTests" */ = {
			isa = XCConfigurationList;
			buildConfigurations = (
				13A888D41E6CE1040012F47D /* Debug */,
				13A888D51E6CE1040012F47D /* Release */,
			);
			defaultConfigurationIsVisible = 0;
			defaultConfigurationName = Release;
		};
/* End XCConfigurationList section */
	};
	rootObject = 13A888AB1E6CE1030012F47D /* Project object */;
}
